PODS:
  - AFNetworking (3.2.1):
    - AFNetworking/NSURLSession (= 3.2.1)
    - AFNetworking/Reachability (= 3.2.1)
    - AFNetworking/Security (= 3.2.1)
    - AFNetworking/Serialization (= 3.2.1)
    - AFNetworking/UIKit (= 3.2.1)
  - AFNetworking/NSURLSession (3.2.1):
    - AFNetworking/Reachability
    - AFNetworking/Security
    - AFNetworking/Serialization
  - AFNetworking/Reachability (3.2.1)
  - AFNetworking/Security (3.2.1)
  - AFNetworking/Serialization (3.2.1)
  - AFNetworking/UIKit (3.2.1):
    - AFNetworking/NSURLSession
  - CHCSVParser (2.1.0)
  - Reachability (3.2)
  - SSKeychain (1.4.1)

DEPENDENCIES:
  - AFNetworking (~> 3.2.1)
  - CHCSVParser (~> 2.1.0)
  - Reachability (~> 3.2)
  - SSKeychain (~> 1.4.1)

SPEC REPOS:
  https://github.com/cocoapods/specs.git:
    - AFNetworking
    - CHCSVParser
    - Reachability
    - SSKeychain

SPEC CHECKSUMS:
  AFNetworking: b6f891fdfaed196b46c7a83cf209e09697b94057
  CHCSVParser: 3bcc7bdb72111a31222e95d57eacceefe4e537e8
  Reachability: 33e18b67625424e47b6cde6d202dce689ad7af96
  SSKeychain: 55cc80f66f5c73da827e3077f02e43528897db41

PODFILE CHECKSUM: 9819c24667976e3e9ed36acd56aeb09e73c4ef13

COCOAPODS: 1.7.5
