// !$*UTF8*$!
{
	archiveVersion = 1;
	classes = {
	};
	objectVersion = 46;
	objects = {

/* Begin PBXBuildFile section */
		422CA689176B703A00C6C918 /* KBKegboardCommandTest.m in Sources */ = {isa = PBXBuildFile; fileRef = 422CA688176B703A00C6C918 /* KBKegboardCommandTest.m */; };
		422CA68C176B7D7800C6C918 /* KBKegboardCommand.m in Sources */ = {isa = PBXBuildFile; fileRef = 422CA68B176B7D7800C6C918 /* KBKegboardCommand.m */; };
		422CA68D176B7D7800C6C918 /* KBKegboardCommand.m in Sources */ = {isa = PBXBuildFile; fileRef = 422CA68B176B7D7800C6C918 /* KBKegboardCommand.m */; };
		422CA690176D807D00C6C918 /* KBKegboardMessageTest.m in Sources */ = {isa = PBXBuildFile; fileRef = 422CA68F176D807D00C6C918 /* KBKegboardMessageTest.m */; };
		422CA693176D85CE00C6C918 /* KBKegboardUtils.m in Sources */ = {isa = PBXBuildFile; fileRef = 422CA692176D85CE00C6C918 /* KBKegboardUtils.m */; };
		422CA694176D85CE00C6C918 /* KBKegboardUtils.m in Sources */ = {isa = PBXBuildFile; fileRef = 422CA692176D85CE00C6C918 /* KBKegboardUtils.m */; };
		422CA695176D8A2400C6C918 /* QuartzCore.framework in Frameworks */ = {isa = PBXBuildFile; fileRef = EAB120761756E709003035C3 /* QuartzCore.framework */; };
		EA1890371585F7E7003A64FC /* ViewControllerAbout.m in Sources */ = {isa = PBXBuildFile; fileRef = EA1890361585F7E7003A64FC /* ViewControllerAbout.m */; };
		EA18903B1585F890003A64FC /* ViewControllerCreate.m in Sources */ = {isa = PBXBuildFile; fileRef = EA18903A1585F890003A64FC /* ViewControllerCreate.m */; };
		EA1E87B2157C999A002C945B /* CoreData.framework in Frameworks */ = {isa = PBXBuildFile; fileRef = EA1E87B1157C999A002C945B /* CoreData.framework */; };
		EA1E87B5157C9A51002C945B /* Accounts.xcdatamodeld in Sources */ = {isa = PBXBuildFile; fileRef = EA1E87B3157C9A51002C945B /* Accounts.xcdatamodeld */; };
		EA22BC6315C4F2EE0084DB1C /* ViewControllerLogs.m in Sources */ = {isa = PBXBuildFile; fileRef = EA22BC6215C4F2EE0084DB1C /* ViewControllerLogs.m */; };
		EA283541159FC3910044B39C /* ViewControllerPurchase.m in Sources */ = {isa = PBXBuildFile; fileRef = EA283540159FC3910044B39C /* ViewControllerPurchase.m */; };
		EA283545159FC4A20044B39C /* ViewControllerWebView.m in Sources */ = {isa = PBXBuildFile; fileRef = EA283544159FC4A20044B39C /* ViewControllerWebView.m */; };
		EA291BE6163B487500CE419E /* JailbrokenSerial.m in Sources */ = {isa = PBXBuildFile; fileRef = EA291BE5163B487500CE419E /* JailbrokenSerial.m */; };
		EA321BA315AF8E5B00A65E63 /* ViewControllerPour.m in Sources */ = {isa = PBXBuildFile; fileRef = EA321BA215AF8E5B00A65E63 /* ViewControllerPour.m */; };
		EA4C46E1159990B90050E2AC /* ViewControllerRootHome.m in Sources */ = {isa = PBXBuildFile; fileRef = EA4C46E0159990B90050E2AC /* ViewControllerRootHome.m */; };
		EA5AAD1A15D9D92F006EDCBF /* ViewControllerDev.m in Sources */ = {isa = PBXBuildFile; fileRef = EA5AAD1915D9D92F006EDCBF /* ViewControllerDev.m */; };
		EA5AAD2315DC84EC006EDCBF /* NSData+AES256.m in Sources */ = {isa = PBXBuildFile; fileRef = EA5AAD2215DC84EC006EDCBF /* NSData+AES256.m */; };
		EA69930A158721E8009E0397 /* ViewControllerForgot.m in Sources */ = {isa = PBXBuildFile; fileRef = EA699309158721E8009E0397 /* ViewControllerForgot.m */; };
		EA99952E15C5AB84001BC954 /* ViewControllerCheckFlow.m in Sources */ = {isa = PBXBuildFile; fileRef = EA99952D15C5AB84001BC954 /* ViewControllerCheckFlow.m */; };
		EA9D25CF1766D12400B277ED /* KegCop.entitlements in Resources */ = {isa = PBXBuildFile; fileRef = EA9D25CE1766D12400B277ED /* KegCop.entitlements */; };
		EA9D26141767A24E00B277ED /* Default.png in Resources */ = {isa = PBXBuildFile; fileRef = EA9D25E51767A24E00B277ED /* Default.png */; };
		EA9D26161767A24E00B277ED /* flow_at_symbol.png in Resources */ = {isa = PBXBuildFile; fileRef = EA9D25E81767A24E00B277ED /* flow_at_symbol.png */; };
		EA9D26171767A24E00B277ED /* flow_background.png in Resources */ = {isa = PBXBuildFile; fileRef = EA9D25E91767A24E00B277ED /* flow_background.png */; };
		EA9D26181767A24E00B277ED /* flow_fill.png in Resources */ = {isa = PBXBuildFile; fileRef = EA9D25EA1767A24E00B277ED /* flow_fill.png */; };
		EA9D26191767A24E00B277ED /* flow_foreground.png in Resources */ = {isa = PBXBuildFile; fileRef = EA9D25EB1767A24E00B277ED /* flow_foreground.png */; };
		EA9D261A1767A24E00B277ED /* flow_needle.png in Resources */ = {isa = PBXBuildFile; fileRef = EA9D25EC1767A24E00B277ED /* flow_needle.png */; };
		EA9D261B1767A24E00B277ED /* flow_shadow.png in Resources */ = {isa = PBXBuildFile; fileRef = EA9D25ED1767A24E00B277ED /* flow_shadow.png */; };
		EA9D261C1767A24E00B277ED /* Cornelius.jpg in Resources */ = {isa = PBXBuildFile; fileRef = EA9D25EF1767A24E00B277ED /* Cornelius.jpg */; };
		EA9D261D1767A24E00B277ED /* Cornelius_Keg.jpg in Resources */ = {isa = PBXBuildFile; fileRef = EA9D25F01767A24E00B277ED /* Cornelius_Keg.jpg */; };
		EA9D261E1767A24E00B277ED /* corneliuskegs.jpg in Resources */ = {isa = PBXBuildFile; fileRef = EA9D25F11767A24E00B277ED /* corneliuskegs.jpg */; };
		EA9D261F1767A24E00B277ED /* FWPD.gif in Resources */ = {isa = PBXBuildFile; fileRef = EA9D25F21767A24E00B277ED /* FWPD.gif */; };
		EA9D26201767A24E00B277ED /* icon114x114_flat.png in Resources */ = {isa = PBXBuildFile; fileRef = EA9D25F31767A24E00B277ED /* icon114x114_flat.png */; };
		EA9D26211767A24E00B277ED /* icon114x114_flat.xcf in Resources */ = {isa = PBXBuildFile; fileRef = EA9D25F41767A24E00B277ED /* icon114x114_flat.xcf */; };
		EA9D26221767A24E00B277ED /* icon320x240_launch.png in Resources */ = {isa = PBXBuildFile; fileRef = EA9D25F51767A24E00B277ED /* icon320x240_launch.png */; };
		EA9D26231767A24E00B277ED /* icon320x480launch.png in Resources */ = {isa = PBXBuildFile; fileRef = EA9D25F61767A24E00B277ED /* icon320x480launch.png */; };
		EA9D26241767A24E00B277ED /* icon512x512.xcf in Resources */ = {isa = PBXBuildFile; fileRef = EA9D25F71767A24E00B277ED /* icon512x512.xcf */; };
		EA9D26251767A24E00B277ED /* icon512x512_02.xcf in Resources */ = {isa = PBXBuildFile; fileRef = EA9D25F81767A24E00B277ED /* icon512x512_02.xcf */; };
		EA9D26261767A24E00B277ED /* icon512x512_02flat.png in Resources */ = {isa = PBXBuildFile; fileRef = EA9D25F91767A24E00B277ED /* icon512x512_02flat.png */; };
		EA9D26271767A24E00B277ED /* icon512x512_02flat.xcf in Resources */ = {isa = PBXBuildFile; fileRef = EA9D25FA1767A24E00B277ED /* icon512x512_02flat.xcf */; };
		EA9D26281767A24E00B277ED /* icon57x57_flat.png in Resources */ = {isa = PBXBuildFile; fileRef = EA9D25FB1767A24E00B277ED /* icon57x57_flat.png */; };
		EA9D26291767A24E00B277ED /* icon57x57_flat.xcf in Resources */ = {isa = PBXBuildFile; fileRef = EA9D25FC1767A24E00B277ED /* icon57x57_flat.xcf */; };
		EA9D262A1767A24E00B277ED /* iOS Simulator Screen shot Jun 3, 2012 10.38.20 PM.png in Resources */ = {isa = PBXBuildFile; fileRef = EA9D25FD1767A24E00B277ED /* iOS Simulator Screen shot Jun 3, 2012 10.38.20 PM.png */; };
		EA9D262B1767A24E00B277ED /* launch320x480_ds.png in Resources */ = {isa = PBXBuildFile; fileRef = EA9D25FE1767A24E00B277ED /* launch320x480_ds.png */; };
		EA9D262C1767A24E00B277ED /* launchRetina_ds.png in Resources */ = {isa = PBXBuildFile; fileRef = EA9D25FF1767A24E00B277ED /* launchRetina_ds.png */; };
		EA9D262F1767A24E00B277ED /* kegcop-login.png in Resources */ = {isa = PBXBuildFile; fileRef = EA9D26021767A24E00B277ED /* kegcop-login.png */; };
		EA9D26301767A24E00B277ED /* kegcop-multiWelcome.png in Resources */ = {isa = PBXBuildFile; fileRef = EA9D26031767A24E00B277ED /* kegcop-multiWelcome.png */; };
		EA9D26311767A24E00B277ED /* launch-retina.png in Resources */ = {isa = PBXBuildFile; fileRef = EA9D26041767A24E00B277ED /* launch-retina.png */; };
		EA9D26321767A24E00B277ED /* launch.png in Resources */ = {isa = PBXBuildFile; fileRef = EA9D26051767A24E00B277ED /* launch.png */; };
		EA9D26331767A24E00B277ED /* launch320x480.png in Resources */ = {isa = PBXBuildFile; fileRef = EA9D26061767A24E00B277ED /* launch320x480.png */; };
		EA9D26341767A24E00B277ED /* launch960.png in Resources */ = {isa = PBXBuildFile; fileRef = EA9D26071767A24E00B277ED /* launch960.png */; };
		EA9D26371767A24E00B277ED /* photo.PNG in Resources */ = {isa = PBXBuildFile; fileRef = EA9D260B1767A24E00B277ED /* photo.PNG */; };
		EA9D26381767A24E00B277ED /* retina4inch.png in Resources */ = {isa = PBXBuildFile; fileRef = EA9D260C1767A24E00B277ED /* retina4inch.png */; };
		EA9D26391767A24E00B277ED /* scratchpad.txt in Resources */ = {isa = PBXBuildFile; fileRef = EA9D260D1767A24E00B277ED /* scratchpad.txt */; };
		EA9D263A1767A24E00B277ED /* Glass.aiff in Resources */ = {isa = PBXBuildFile; fileRef = EA9D260F1767A24E00B277ED /* Glass.aiff */; };
		EA9D26411767B5C900B277ED /* Default@2x.png in Resources */ = {isa = PBXBuildFile; fileRef = EA9D26401767B5C900B277ED /* Default@2x.png */; };
		EA9D26481767BB1500B277ED /* Default-568h@2x.png in Resources */ = {isa = PBXBuildFile; fileRef = EA9D26471767BB1400B277ED /* Default-568h@2x.png */; };
		EAA33D711588612600826A02 /* UIKit.framework in Frameworks */ = {isa = PBXBuildFile; fileRef = EAEFEE93157B296B00C666D5 /* UIKit.framework */; };
		EAA33D721588612600826A02 /* Foundation.framework in Frameworks */ = {isa = PBXBuildFile; fileRef = EAEFEE95157B296B00C666D5 /* Foundation.framework */; };
		EAA33D781588612600826A02 /* InfoPlist.strings in Resources */ = {isa = PBXBuildFile; fileRef = EAA33D761588612600826A02 /* InfoPlist.strings */; };
		EAA33D7B1588612600826A02 /* KegCopTests.m in Sources */ = {isa = PBXBuildFile; fileRef = EAA33D7A1588612600826A02 /* KegCopTests.m */; };
		EAA33D841588AA9100826A02 /* SenTestingKit.framework in Frameworks */ = {isa = PBXBuildFile; fileRef = EAA33D831588AA9100826A02 /* SenTestingKit.framework */; };
		EAA51B141598385B00D0D777 /* AudioToolbox.framework in Frameworks */ = {isa = PBXBuildFile; fileRef = EAA51B131598385B00D0D777 /* AudioToolbox.framework */; };
		EAB12060175576B7003035C3 /* KBFlowIndicator.m in Sources */ = {isa = PBXBuildFile; fileRef = EAB1205F175576B7003035C3 /* KBFlowIndicator.m */; };
		EAB120771756E709003035C3 /* QuartzCore.framework in Frameworks */ = {isa = PBXBuildFile; fileRef = EAB120761756E709003035C3 /* QuartzCore.framework */; };
		EAB453AF1755528E00F6DA69 /* Serial.c in Sources */ = {isa = PBXBuildFile; fileRef = EAB453AE1755528E00F6DA69 /* Serial.c */; };
		EAB453B2175553C800F6DA69 /* crc16ccitt.c in Sources */ = {isa = PBXBuildFile; fileRef = EAB453B1175553C800F6DA69 /* crc16ccitt.c */; };
		EAB453B5175554BF00F6DA69 /* KBKegProcessing.m in Sources */ = {isa = PBXBuildFile; fileRef = EAB453B4175554BF00F6DA69 /* KBKegProcessing.m */; };
		EAB453B81755552700F6DA69 /* KBKegboard.m in Sources */ = {isa = PBXBuildFile; fileRef = EAB453B71755552700F6DA69 /* KBKegboard.m */; };
		EAB453BB175555B700F6DA69 /* KBKegboardMessage.m in Sources */ = {isa = PBXBuildFile; fileRef = EAB453BA175555B600F6DA69 /* KBKegboardMessage.m */; };
		EABE1D741581C9B700FF9FA0 /* Account.m in Sources */ = {isa = PBXBuildFile; fileRef = EABE1D731581C9B700FF9FA0 /* Account.m */; };
		EABE1D761581CB1E00FF9FA0 /* Security.framework in Frameworks */ = {isa = PBXBuildFile; fileRef = EABE1D751581CB1E00FF9FA0 /* Security.framework */; };
		EABE1D831582E99200FF9FA0 /* AccountBase.m in Sources */ = {isa = PBXBuildFile; fileRef = EABE1D821582E99200FF9FA0 /* AccountBase.m */; };
		EABE1D8F158498D800FF9FA0 /* ModelWelcome.m in Sources */ = {isa = PBXBuildFile; fileRef = EABE1D8E158498D800FF9FA0 /* ModelWelcome.m */; };
		EAD97F0515C76EF7006C15A2 /* ViewControllerSerialConsole.m in Sources */ = {isa = PBXBuildFile; fileRef = EAD97F0415C76EF7006C15A2 /* ViewControllerSerialConsole.m */; };
		EAEFEE94157B296B00C666D5 /* UIKit.framework in Frameworks */ = {isa = PBXBuildFile; fileRef = EAEFEE93157B296B00C666D5 /* UIKit.framework */; };
		EAEFEE96157B296B00C666D5 /* Foundation.framework in Frameworks */ = {isa = PBXBuildFile; fileRef = EAEFEE95157B296B00C666D5 /* Foundation.framework */; };
		EAEFEE98157B296B00C666D5 /* CoreGraphics.framework in Frameworks */ = {isa = PBXBuildFile; fileRef = EAEFEE97157B296B00C666D5 /* CoreGraphics.framework */; };
		EAEFEE9E157B296B00C666D5 /* InfoPlist.strings in Resources */ = {isa = PBXBuildFile; fileRef = EAEFEE9C157B296B00C666D5 /* InfoPlist.strings */; };
		EAEFEEA0157B296B00C666D5 /* main.m in Sources */ = {isa = PBXBuildFile; fileRef = EAEFEE9F157B296B00C666D5 /* main.m */; };
		EAEFEEA4157B296B00C666D5 /* AppDelegate.m in Sources */ = {isa = PBXBuildFile; fileRef = EAEFEEA3157B296B00C666D5 /* AppDelegate.m */; };
		EAEFEEA7157B296B00C666D5 /* iPhone.storyboard in Resources */ = {isa = PBXBuildFile; fileRef = EAEFEEA5157B296B00C666D5 /* iPhone.storyboard */; };
		EAEFEEAA157B296B00C666D5 /* ViewControllerWelcome.m in Sources */ = {isa = PBXBuildFile; fileRef = EAEFEEA9157B296B00C666D5 /* ViewControllerWelcome.m */; };
		EAF27856159191C9009663A8 /* ViewControllerHome.m in Sources */ = {isa = PBXBuildFile; fileRef = EAF27855159191C9009663A8 /* ViewControllerHome.m */; };
/* End PBXBuildFile section */

/* Begin PBXContainerItemProxy section */
		EAA33D811588614D00826A02 /* PBXContainerItemProxy */ = {
			isa = PBXContainerItemProxy;
			containerPortal = EAEFEE86157B296B00C666D5 /* Project object */;
			proxyType = 1;
			remoteGlobalIDString = EAEFEE8E157B296B00C666D5;
			remoteInfo = KegCop;
		};
/* End PBXContainerItemProxy section */

/* Begin PBXFileReference section */
		422CA688176B703A00C6C918 /* KBKegboardCommandTest.m */ = {isa = PBXFileReference; fileEncoding = 4; lastKnownFileType = sourcecode.c.objc; path = KBKegboardCommandTest.m; sourceTree = "<group>"; };
		422CA68A176B7D7800C6C918 /* KBKegboardCommand.h */ = {isa = PBXFileReference; fileEncoding = 4; lastKnownFileType = sourcecode.c.h; name = KBKegboardCommand.h; path = Processing/KBKegboardCommand.h; sourceTree = "<group>"; };
		422CA68B176B7D7800C6C918 /* KBKegboardCommand.m */ = {isa = PBXFileReference; fileEncoding = 4; lastKnownFileType = sourcecode.c.objc; name = KBKegboardCommand.m; path = Processing/KBKegboardCommand.m; sourceTree = "<group>"; };
		422CA68F176D807D00C6C918 /* KBKegboardMessageTest.m */ = {isa = PBXFileReference; fileEncoding = 4; lastKnownFileType = sourcecode.c.objc; path = KBKegboardMessageTest.m; sourceTree = "<group>"; };
		422CA691176D85CD00C6C918 /* KBKegboardUtils.h */ = {isa = PBXFileReference; fileEncoding = 4; lastKnownFileType = sourcecode.c.h; name = KBKegboardUtils.h; path = Processing/KBKegboardUtils.h; sourceTree = "<group>"; };
		422CA692176D85CE00C6C918 /* KBKegboardUtils.m */ = {isa = PBXFileReference; fileEncoding = 4; lastKnownFileType = sourcecode.c.objc; name = KBKegboardUtils.m; path = Processing/KBKegboardUtils.m; sourceTree = "<group>"; };
		EA1890351585F7E7003A64FC /* ViewControllerAbout.h */ = {isa = PBXFileReference; fileEncoding = 4; lastKnownFileType = sourcecode.c.h; name = ViewControllerAbout.h; path = Controllers/ViewControllerAbout.h; sourceTree = "<group>"; };
		EA1890361585F7E7003A64FC /* ViewControllerAbout.m */ = {isa = PBXFileReference; fileEncoding = 4; lastKnownFileType = sourcecode.c.objc; name = ViewControllerAbout.m; path = Controllers/ViewControllerAbout.m; sourceTree = "<group>"; };
		EA1890391585F890003A64FC /* ViewControllerCreate.h */ = {isa = PBXFileReference; fileEncoding = 4; lastKnownFileType = sourcecode.c.h; name = ViewControllerCreate.h; path = Controllers/ViewControllerCreate.h; sourceTree = "<group>"; };
		EA18903A1585F890003A64FC /* ViewControllerCreate.m */ = {isa = PBXFileReference; fileEncoding = 4; lastKnownFileType = sourcecode.c.objc; name = ViewControllerCreate.m; path = Controllers/ViewControllerCreate.m; sourceTree = "<group>"; };
		EA1E87B1157C999A002C945B /* CoreData.framework */ = {isa = PBXFileReference; lastKnownFileType = wrapper.framework; name = CoreData.framework; path = System/Library/Frameworks/CoreData.framework; sourceTree = SDKROOT; };
		EA1E87B4157C9A51002C945B /* Accounts.xcdatamodel */ = {isa = PBXFileReference; lastKnownFileType = wrapper.xcdatamodel; path = Accounts.xcdatamodel; sourceTree = "<group>"; };
		EA22BC6115C4F2EE0084DB1C /* ViewControllerLogs.h */ = {isa = PBXFileReference; fileEncoding = 4; lastKnownFileType = sourcecode.c.h; name = ViewControllerLogs.h; path = Controllers/ViewControllerLogs.h; sourceTree = "<group>"; };
		EA22BC6215C4F2EE0084DB1C /* ViewControllerLogs.m */ = {isa = PBXFileReference; fileEncoding = 4; lastKnownFileType = sourcecode.c.objc; name = ViewControllerLogs.m; path = Controllers/ViewControllerLogs.m; sourceTree = "<group>"; };
		EA28353F159FC3910044B39C /* ViewControllerPurchase.h */ = {isa = PBXFileReference; fileEncoding = 4; lastKnownFileType = sourcecode.c.h; name = ViewControllerPurchase.h; path = Controllers/ViewControllerPurchase.h; sourceTree = "<group>"; };
		EA283540159FC3910044B39C /* ViewControllerPurchase.m */ = {isa = PBXFileReference; fileEncoding = 4; lastKnownFileType = sourcecode.c.objc; name = ViewControllerPurchase.m; path = Controllers/ViewControllerPurchase.m; sourceTree = "<group>"; };
		EA283543159FC4A20044B39C /* ViewControllerWebView.h */ = {isa = PBXFileReference; fileEncoding = 4; lastKnownFileType = sourcecode.c.h; name = ViewControllerWebView.h; path = Controllers/ViewControllerWebView.h; sourceTree = "<group>"; };
		EA283544159FC4A20044B39C /* ViewControllerWebView.m */ = {isa = PBXFileReference; fileEncoding = 4; lastKnownFileType = sourcecode.c.objc; name = ViewControllerWebView.m; path = Controllers/ViewControllerWebView.m; sourceTree = "<group>"; };
		EA291BE4163B487500CE419E /* JailbrokenSerial.h */ = {isa = PBXFileReference; fileEncoding = 4; lastKnownFileType = sourcecode.c.h; path = JailbrokenSerial.h; sourceTree = "<group>"; };
		EA291BE5163B487500CE419E /* JailbrokenSerial.m */ = {isa = PBXFileReference; fileEncoding = 4; lastKnownFileType = sourcecode.c.objc; path = JailbrokenSerial.m; sourceTree = "<group>"; };
		EA321BA115AF8E5B00A65E63 /* ViewControllerPour.h */ = {isa = PBXFileReference; fileEncoding = 4; lastKnownFileType = sourcecode.c.h; name = ViewControllerPour.h; path = Controllers/ViewControllerPour.h; sourceTree = "<group>"; };
		EA321BA215AF8E5B00A65E63 /* ViewControllerPour.m */ = {isa = PBXFileReference; fileEncoding = 4; lastKnownFileType = sourcecode.c.objc; name = ViewControllerPour.m; path = Controllers/ViewControllerPour.m; sourceTree = "<group>"; };
		EA4C46DF159990B90050E2AC /* ViewControllerRootHome.h */ = {isa = PBXFileReference; fileEncoding = 4; lastKnownFileType = sourcecode.c.h; name = ViewControllerRootHome.h; path = Controllers/ViewControllerRootHome.h; sourceTree = "<group>"; };
		EA4C46E0159990B90050E2AC /* ViewControllerRootHome.m */ = {isa = PBXFileReference; fileEncoding = 4; lastKnownFileType = sourcecode.c.objc; name = ViewControllerRootHome.m; path = Controllers/ViewControllerRootHome.m; sourceTree = "<group>"; };
		EA58163915980B6900920AAF /* KegCop-Info.plist */ = {isa = PBXFileReference; lastKnownFileType = text.plist; path = "KegCop-Info.plist"; sourceTree = "<group>"; };
		EA5AAD1815D9D92F006EDCBF /* ViewControllerDev.h */ = {isa = PBXFileReference; fileEncoding = 4; lastKnownFileType = sourcecode.c.h; name = ViewControllerDev.h; path = Controllers/ViewControllerDev.h; sourceTree = "<group>"; };
		EA5AAD1915D9D92F006EDCBF /* ViewControllerDev.m */ = {isa = PBXFileReference; fileEncoding = 4; lastKnownFileType = sourcecode.c.objc; name = ViewControllerDev.m; path = Controllers/ViewControllerDev.m; sourceTree = "<group>"; };
		EA5AAD2115DC84EB006EDCBF /* NSData+AES256.h */ = {isa = PBXFileReference; fileEncoding = 4; lastKnownFileType = sourcecode.c.h; path = "NSData+AES256.h"; sourceTree = "<group>"; };
		EA5AAD2215DC84EC006EDCBF /* NSData+AES256.m */ = {isa = PBXFileReference; fileEncoding = 4; lastKnownFileType = sourcecode.c.objc; path = "NSData+AES256.m"; sourceTree = "<group>"; };
		EA699308158721E8009E0397 /* ViewControllerForgot.h */ = {isa = PBXFileReference; fileEncoding = 4; lastKnownFileType = sourcecode.c.h; name = ViewControllerForgot.h; path = Controllers/ViewControllerForgot.h; sourceTree = "<group>"; };
		EA699309158721E8009E0397 /* ViewControllerForgot.m */ = {isa = PBXFileReference; fileEncoding = 4; lastKnownFileType = sourcecode.c.objc; name = ViewControllerForgot.m; path = Controllers/ViewControllerForgot.m; sourceTree = "<group>"; };
		EA99952C15C5AB84001BC954 /* ViewControllerCheckFlow.h */ = {isa = PBXFileReference; fileEncoding = 4; lastKnownFileType = sourcecode.c.h; name = ViewControllerCheckFlow.h; path = Controllers/ViewControllerCheckFlow.h; sourceTree = "<group>"; };
		EA99952D15C5AB84001BC954 /* ViewControllerCheckFlow.m */ = {isa = PBXFileReference; fileEncoding = 4; lastKnownFileType = sourcecode.c.objc; name = ViewControllerCheckFlow.m; path = Controllers/ViewControllerCheckFlow.m; sourceTree = "<group>"; };
		EA9D25CE1766D12400B277ED /* KegCop.entitlements */ = {isa = PBXFileReference; fileEncoding = 4; lastKnownFileType = text.xml; path = KegCop.entitlements; sourceTree = "<group>"; };
		EA9D25E31767A24E00B277ED /* Default-Landscape~ipad.png */ = {isa = PBXFileReference; lastKnownFileType = image.png; path = "Default-Landscape~ipad.png"; sourceTree = "<group>"; };
		EA9D25E41767A24E00B277ED /* Default-Portrait~ipad.png */ = {isa = PBXFileReference; lastKnownFileType = image.png; path = "Default-Portrait~ipad.png"; sourceTree = "<group>"; };
		EA9D25E51767A24E00B277ED /* Default.png */ = {isa = PBXFileReference; lastKnownFileType = image.png; path = Default.png; sourceTree = "<group>"; };
		EA9D25E81767A24E00B277ED /* flow_at_symbol.png */ = {isa = PBXFileReference; lastKnownFileType = image.png; path = flow_at_symbol.png; sourceTree = "<group>"; };
		EA9D25E91767A24E00B277ED /* flow_background.png */ = {isa = PBXFileReference; lastKnownFileType = image.png; path = flow_background.png; sourceTree = "<group>"; };
		EA9D25EA1767A24E00B277ED /* flow_fill.png */ = {isa = PBXFileReference; lastKnownFileType = image.png; path = flow_fill.png; sourceTree = "<group>"; };
		EA9D25EB1767A24E00B277ED /* flow_foreground.png */ = {isa = PBXFileReference; lastKnownFileType = image.png; path = flow_foreground.png; sourceTree = "<group>"; };
		EA9D25EC1767A24E00B277ED /* flow_needle.png */ = {isa = PBXFileReference; lastKnownFileType = image.png; path = flow_needle.png; sourceTree = "<group>"; };
		EA9D25ED1767A24E00B277ED /* flow_shadow.png */ = {isa = PBXFileReference; lastKnownFileType = image.png; path = flow_shadow.png; sourceTree = "<group>"; };
		EA9D25EF1767A24E00B277ED /* Cornelius.jpg */ = {isa = PBXFileReference; lastKnownFileType = image.jpeg; path = Cornelius.jpg; sourceTree = "<group>"; };
		EA9D25F01767A24E00B277ED /* Cornelius_Keg.jpg */ = {isa = PBXFileReference; lastKnownFileType = image.jpeg; path = Cornelius_Keg.jpg; sourceTree = "<group>"; };
		EA9D25F11767A24E00B277ED /* corneliuskegs.jpg */ = {isa = PBXFileReference; lastKnownFileType = image.jpeg; path = corneliuskegs.jpg; sourceTree = "<group>"; };
		EA9D25F21767A24E00B277ED /* FWPD.gif */ = {isa = PBXFileReference; lastKnownFileType = image.gif; path = FWPD.gif; sourceTree = "<group>"; };
		EA9D25F31767A24E00B277ED /* icon114x114_flat.png */ = {isa = PBXFileReference; lastKnownFileType = image.png; path = icon114x114_flat.png; sourceTree = "<group>"; };
		EA9D25F41767A24E00B277ED /* icon114x114_flat.xcf */ = {isa = PBXFileReference; lastKnownFileType = file; path = icon114x114_flat.xcf; sourceTree = "<group>"; };
		EA9D25F51767A24E00B277ED /* icon320x240_launch.png */ = {isa = PBXFileReference; lastKnownFileType = image.png; path = icon320x240_launch.png; sourceTree = "<group>"; };
		EA9D25F61767A24E00B277ED /* icon320x480launch.png */ = {isa = PBXFileReference; lastKnownFileType = image.png; path = icon320x480launch.png; sourceTree = "<group>"; };
		EA9D25F71767A24E00B277ED /* icon512x512.xcf */ = {isa = PBXFileReference; lastKnownFileType = file; path = icon512x512.xcf; sourceTree = "<group>"; };
		EA9D25F81767A24E00B277ED /* icon512x512_02.xcf */ = {isa = PBXFileReference; lastKnownFileType = file; path = icon512x512_02.xcf; sourceTree = "<group>"; };
		EA9D25F91767A24E00B277ED /* icon512x512_02flat.png */ = {isa = PBXFileReference; lastKnownFileType = image.png; path = icon512x512_02flat.png; sourceTree = "<group>"; };
		EA9D25FA1767A24E00B277ED /* icon512x512_02flat.xcf */ = {isa = PBXFileReference; lastKnownFileType = file; path = icon512x512_02flat.xcf; sourceTree = "<group>"; };
		EA9D25FB1767A24E00B277ED /* icon57x57_flat.png */ = {isa = PBXFileReference; lastKnownFileType = image.png; path = icon57x57_flat.png; sourceTree = "<group>"; };
		EA9D25FC1767A24E00B277ED /* icon57x57_flat.xcf */ = {isa = PBXFileReference; lastKnownFileType = file; path = icon57x57_flat.xcf; sourceTree = "<group>"; };
		EA9D25FD1767A24E00B277ED /* iOS Simulator Screen shot Jun 3, 2012 10.38.20 PM.png */ = {isa = PBXFileReference; lastKnownFileType = image.png; path = "iOS Simulator Screen shot Jun 3, 2012 10.38.20 PM.png"; sourceTree = "<group>"; };
		EA9D25FE1767A24E00B277ED /* launch320x480_ds.png */ = {isa = PBXFileReference; lastKnownFileType = image.png; path = launch320x480_ds.png; sourceTree = "<group>"; };
		EA9D25FF1767A24E00B277ED /* launchRetina_ds.png */ = {isa = PBXFileReference; lastKnownFileType = image.png; path = launchRetina_ds.png; sourceTree = "<group>"; };
		EA9D26001767A24E00B277ED /* icon114x114_flat.png */ = {isa = PBXFileReference; lastKnownFileType = image.png; path = icon114x114_flat.png; sourceTree = "<group>"; };
		EA9D26011767A24E00B277ED /* icon57x57_flat.png */ = {isa = PBXFileReference; lastKnownFileType = image.png; path = icon57x57_flat.png; sourceTree = "<group>"; };
		EA9D26021767A24E00B277ED /* kegcop-login.png */ = {isa = PBXFileReference; lastKnownFileType = image.png; path = "kegcop-login.png"; sourceTree = "<group>"; };
		EA9D26031767A24E00B277ED /* kegcop-multiWelcome.png */ = {isa = PBXFileReference; lastKnownFileType = image.png; path = "kegcop-multiWelcome.png"; sourceTree = "<group>"; };
		EA9D26041767A24E00B277ED /* launch-retina.png */ = {isa = PBXFileReference; lastKnownFileType = image.png; path = "launch-retina.png"; sourceTree = "<group>"; };
		EA9D26051767A24E00B277ED /* launch.png */ = {isa = PBXFileReference; lastKnownFileType = image.png; path = launch.png; sourceTree = "<group>"; };
		EA9D26061767A24E00B277ED /* launch320x480.png */ = {isa = PBXFileReference; lastKnownFileType = image.png; path = launch320x480.png; sourceTree = "<group>"; };
		EA9D26071767A24E00B277ED /* launch960.png */ = {isa = PBXFileReference; lastKnownFileType = image.png; path = launch960.png; sourceTree = "<group>"; };
		EA9D260B1767A24E00B277ED /* photo.PNG */ = {isa = PBXFileReference; lastKnownFileType = image.png; path = photo.PNG; sourceTree = "<group>"; };
		EA9D260C1767A24E00B277ED /* retina4inch.png */ = {isa = PBXFileReference; lastKnownFileType = image.png; path = retina4inch.png; sourceTree = "<group>"; };
		EA9D260D1767A24E00B277ED /* scratchpad.txt */ = {isa = PBXFileReference; fileEncoding = 4; lastKnownFileType = text; path = scratchpad.txt; sourceTree = "<group>"; };
		EA9D260F1767A24E00B277ED /* Glass.aiff */ = {isa = PBXFileReference; lastKnownFileType = audio.aiff; path = Glass.aiff; sourceTree = "<group>"; };
		EA9D263B1767AA6600B277ED /* Default.png */ = {isa = PBXFileReference; lastKnownFileType = image.png; path = Default.png; sourceTree = "<group>"; };
		EA9D26401767B5C900B277ED /* Default@2x.png */ = {isa = PBXFileReference; lastKnownFileType = image.png; path = "Default@2x.png"; sourceTree = "<group>"; };
		EA9D26421767B7F000B277ED /* BUGS */ = {isa = PBXFileReference; lastKnownFileType = text; path = BUGS; sourceTree = SOURCE_ROOT; };
		EA9D26431767B7F000B277ED /* CHANGES */ = {isa = PBXFileReference; lastKnownFileType = text; path = CHANGES; sourceTree = SOURCE_ROOT; };
		EA9D26441767B7F000B277ED /* CREDITS */ = {isa = PBXFileReference; lastKnownFileType = text; path = CREDITS; sourceTree = SOURCE_ROOT; };
		EA9D26451767B7F000B277ED /* LICENSE.txt */ = {isa = PBXFileReference; lastKnownFileType = text; path = LICENSE.txt; sourceTree = SOURCE_ROOT; };
		EA9D26461767B7F000B277ED /* README.md */ = {isa = PBXFileReference; lastKnownFileType = text; path = README.md; sourceTree = SOURCE_ROOT; };
		EA9D26471767BB1400B277ED /* Default-568h@2x.png */ = {isa = PBXFileReference; lastKnownFileType = image.png; path = "Default-568h@2x.png"; sourceTree = "<group>"; };
		EAA33D6E1588612600826A02 /* KegCopTests.octest */ = {isa = PBXFileReference; explicitFileType = wrapper.cfbundle; includeInIndex = 0; path = KegCopTests.octest; sourceTree = BUILT_PRODUCTS_DIR; };
		EAA33D751588612600826A02 /* KegCopTests-Info.plist */ = {isa = PBXFileReference; lastKnownFileType = text.plist.xml; path = "KegCopTests-Info.plist"; sourceTree = "<group>"; };
		EAA33D771588612600826A02 /* en */ = {isa = PBXFileReference; lastKnownFileType = text.plist.strings; name = en; path = en.lproj/InfoPlist.strings; sourceTree = "<group>"; };
		EAA33D791588612600826A02 /* KegCopTests.h */ = {isa = PBXFileReference; lastKnownFileType = sourcecode.c.h; path = KegCopTests.h; sourceTree = "<group>"; };
		EAA33D7A1588612600826A02 /* KegCopTests.m */ = {isa = PBXFileReference; lastKnownFileType = sourcecode.c.objc; path = KegCopTests.m; sourceTree = "<group>"; };
		EAA33D7C1588612600826A02 /* KegCopTests-Prefix.pch */ = {isa = PBXFileReference; lastKnownFileType = sourcecode.c.h; path = "KegCopTests-Prefix.pch"; sourceTree = "<group>"; };
		EAA33D831588AA9100826A02 /* SenTestingKit.framework */ = {isa = PBXFileReference; lastKnownFileType = wrapper.framework; name = SenTestingKit.framework; path = Library/Frameworks/SenTestingKit.framework; sourceTree = DEVELOPER_DIR; };
		EAA51B131598385B00D0D777 /* AudioToolbox.framework */ = {isa = PBXFileReference; lastKnownFileType = wrapper.framework; name = AudioToolbox.framework; path = System/Library/Frameworks/AudioToolbox.framework; sourceTree = SDKROOT; };
		EAB1205E175576B7003035C3 /* KBFlowIndicator.h */ = {isa = PBXFileReference; fileEncoding = 4; lastKnownFileType = sourcecode.c.h; name = KBFlowIndicator.h; path = Views/KBFlowIndicator.h; sourceTree = "<group>"; };
		EAB1205F175576B7003035C3 /* KBFlowIndicator.m */ = {isa = PBXFileReference; fileEncoding = 4; lastKnownFileType = sourcecode.c.objc; name = KBFlowIndicator.m; path = Views/KBFlowIndicator.m; sourceTree = "<group>"; };
		EAB120761756E709003035C3 /* QuartzCore.framework */ = {isa = PBXFileReference; lastKnownFileType = wrapper.framework; name = QuartzCore.framework; path = System/Library/Frameworks/QuartzCore.framework; sourceTree = SDKROOT; };
		EAB453AD1755519C00F6DA69 /* Serial.h */ = {isa = PBXFileReference; fileEncoding = 4; lastKnownFileType = sourcecode.c.h; name = Serial.h; path = Processing/Serial.h; sourceTree = "<group>"; };
		EAB453AE1755528E00F6DA69 /* Serial.c */ = {isa = PBXFileReference; fileEncoding = 4; lastKnownFileType = sourcecode.c.c; name = Serial.c; path = Processing/Serial.c; sourceTree = "<group>"; };
		EAB453B01755533500F6DA69 /* crc16ccitt.h */ = {isa = PBXFileReference; fileEncoding = 4; lastKnownFileType = sourcecode.c.h; name = crc16ccitt.h; path = Processing/crc16ccitt.h; sourceTree = "<group>"; };
		EAB453B1175553C800F6DA69 /* crc16ccitt.c */ = {isa = PBXFileReference; fileEncoding = 4; lastKnownFileType = sourcecode.c.c; name = crc16ccitt.c; path = Processing/crc16ccitt.c; sourceTree = "<group>"; };
		EAB453B3175554BF00F6DA69 /* KBKegProcessing.h */ = {isa = PBXFileReference; fileEncoding = 4; lastKnownFileType = sourcecode.c.h; name = KBKegProcessing.h; path = Processing/KBKegProcessing.h; sourceTree = "<group>"; };
		EAB453B4175554BF00F6DA69 /* KBKegProcessing.m */ = {isa = PBXFileReference; fileEncoding = 4; lastKnownFileType = sourcecode.c.objc; name = KBKegProcessing.m; path = Processing/KBKegProcessing.m; sourceTree = "<group>"; };
		EAB453B61755552700F6DA69 /* KBKegboard.h */ = {isa = PBXFileReference; fileEncoding = 4; lastKnownFileType = sourcecode.c.h; name = KBKegboard.h; path = Processing/KBKegboard.h; sourceTree = "<group>"; };
		EAB453B71755552700F6DA69 /* KBKegboard.m */ = {isa = PBXFileReference; fileEncoding = 4; lastKnownFileType = sourcecode.c.objc; name = KBKegboard.m; path = Processing/KBKegboard.m; sourceTree = "<group>"; };
		EAB453B9175555B600F6DA69 /* KBKegboardMessage.h */ = {isa = PBXFileReference; fileEncoding = 4; lastKnownFileType = sourcecode.c.h; name = KBKegboardMessage.h; path = Processing/KBKegboardMessage.h; sourceTree = "<group>"; };
		EAB453BA175555B600F6DA69 /* KBKegboardMessage.m */ = {isa = PBXFileReference; fileEncoding = 4; lastKnownFileType = sourcecode.c.objc; name = KBKegboardMessage.m; path = Processing/KBKegboardMessage.m; sourceTree = "<group>"; };
		EABE1D721581C9B700FF9FA0 /* Account.h */ = {isa = PBXFileReference; fileEncoding = 4; lastKnownFileType = sourcecode.c.h; path = Account.h; sourceTree = "<group>"; };
		EABE1D731581C9B700FF9FA0 /* Account.m */ = {isa = PBXFileReference; fileEncoding = 4; lastKnownFileType = sourcecode.c.objc; path = Account.m; sourceTree = "<group>"; };
		EABE1D751581CB1E00FF9FA0 /* Security.framework */ = {isa = PBXFileReference; lastKnownFileType = wrapper.framework; name = Security.framework; path = System/Library/Frameworks/Security.framework; sourceTree = SDKROOT; };
		EABE1D811582E97600FF9FA0 /* AccountBase.h */ = {isa = PBXFileReference; fileEncoding = 4; lastKnownFileType = sourcecode.c.h; path = AccountBase.h; sourceTree = "<group>"; };
		EABE1D821582E99200FF9FA0 /* AccountBase.m */ = {isa = PBXFileReference; fileEncoding = 4; lastKnownFileType = sourcecode.c.objc; path = AccountBase.m; sourceTree = "<group>"; };
		EABE1D8D158498D800FF9FA0 /* ModelWelcome.h */ = {isa = PBXFileReference; fileEncoding = 4; lastKnownFileType = sourcecode.c.h; name = ModelWelcome.h; path = Models/ModelWelcome.h; sourceTree = "<group>"; };
		EABE1D8E158498D800FF9FA0 /* ModelWelcome.m */ = {isa = PBXFileReference; fileEncoding = 4; lastKnownFileType = sourcecode.c.objc; name = ModelWelcome.m; path = Models/ModelWelcome.m; sourceTree = "<group>"; };
		EAD97F0315C76EF7006C15A2 /* ViewControllerSerialConsole.h */ = {isa = PBXFileReference; fileEncoding = 4; lastKnownFileType = sourcecode.c.h; name = ViewControllerSerialConsole.h; path = Controllers/ViewControllerSerialConsole.h; sourceTree = "<group>"; };
		EAD97F0415C76EF7006C15A2 /* ViewControllerSerialConsole.m */ = {isa = PBXFileReference; fileEncoding = 4; lastKnownFileType = sourcecode.c.objc; name = ViewControllerSerialConsole.m; path = Controllers/ViewControllerSerialConsole.m; sourceTree = "<group>"; };
		EAEFEE8F157B296B00C666D5 /* KegCop.app */ = {isa = PBXFileReference; explicitFileType = wrapper.application; includeInIndex = 0; path = KegCop.app; sourceTree = BUILT_PRODUCTS_DIR; };
		EAEFEE93157B296B00C666D5 /* UIKit.framework */ = {isa = PBXFileReference; lastKnownFileType = wrapper.framework; name = UIKit.framework; path = System/Library/Frameworks/UIKit.framework; sourceTree = SDKROOT; };
		EAEFEE95157B296B00C666D5 /* Foundation.framework */ = {isa = PBXFileReference; lastKnownFileType = wrapper.framework; name = Foundation.framework; path = System/Library/Frameworks/Foundation.framework; sourceTree = SDKROOT; };
		EAEFEE97157B296B00C666D5 /* CoreGraphics.framework */ = {isa = PBXFileReference; lastKnownFileType = wrapper.framework; name = CoreGraphics.framework; path = System/Library/Frameworks/CoreGraphics.framework; sourceTree = SDKROOT; };
		EAEFEE9D157B296B00C666D5 /* en */ = {isa = PBXFileReference; lastKnownFileType = text.plist.strings; name = en; path = en.lproj/InfoPlist.strings; sourceTree = "<group>"; };
		EAEFEE9F157B296B00C666D5 /* main.m */ = {isa = PBXFileReference; lastKnownFileType = sourcecode.c.objc; path = main.m; sourceTree = "<group>"; };
		EAEFEEA1157B296B00C666D5 /* KegCop-Prefix.pch */ = {isa = PBXFileReference; lastKnownFileType = sourcecode.c.h; path = "KegCop-Prefix.pch"; sourceTree = "<group>"; };
		EAEFEEA2157B296B00C666D5 /* AppDelegate.h */ = {isa = PBXFileReference; lastKnownFileType = sourcecode.c.h; path = AppDelegate.h; sourceTree = "<group>"; };
		EAEFEEA3157B296B00C666D5 /* AppDelegate.m */ = {isa = PBXFileReference; lastKnownFileType = sourcecode.c.objc; path = AppDelegate.m; sourceTree = "<group>"; };
		EAEFEEA6157B296B00C666D5 /* en */ = {isa = PBXFileReference; lastKnownFileType = file.storyboard; name = en; path = en.lproj/iPhone.storyboard; sourceTree = "<group>"; };
		EAEFEEA8157B296B00C666D5 /* ViewControllerWelcome.h */ = {isa = PBXFileReference; lastKnownFileType = sourcecode.c.h; name = ViewControllerWelcome.h; path = Controllers/ViewControllerWelcome.h; sourceTree = "<group>"; };
		EAEFEEA9157B296B00C666D5 /* ViewControllerWelcome.m */ = {isa = PBXFileReference; lastKnownFileType = sourcecode.c.objc; name = ViewControllerWelcome.m; path = Controllers/ViewControllerWelcome.m; sourceTree = "<group>"; };
		EAF27854159191C8009663A8 /* ViewControllerHome.h */ = {isa = PBXFileReference; fileEncoding = 4; lastKnownFileType = sourcecode.c.h; name = ViewControllerHome.h; path = Controllers/ViewControllerHome.h; sourceTree = "<group>"; };
		EAF27855159191C9009663A8 /* ViewControllerHome.m */ = {isa = PBXFileReference; fileEncoding = 4; lastKnownFileType = sourcecode.c.objc; name = ViewControllerHome.m; path = Controllers/ViewControllerHome.m; sourceTree = "<group>"; };
/* End PBXFileReference section */

/* Begin PBXFrameworksBuildPhase section */
		EAA33D6A1588612600826A02 /* Frameworks */ = {
			isa = PBXFrameworksBuildPhase;
			buildActionMask = 2147483647;
			files = (
				EAA33D841588AA9100826A02 /* SenTestingKit.framework in Frameworks */,
				EAA33D711588612600826A02 /* UIKit.framework in Frameworks */,
				EAA33D721588612600826A02 /* Foundation.framework in Frameworks */,
				422CA695176D8A2400C6C918 /* QuartzCore.framework in Frameworks */,
			);
			runOnlyForDeploymentPostprocessing = 0;
		};
		EAEFEE8C157B296B00C666D5 /* Frameworks */ = {
			isa = PBXFrameworksBuildPhase;
			buildActionMask = 2147483647;
			files = (
				EAB120771756E709003035C3 /* QuartzCore.framework in Frameworks */,
				EAA51B141598385B00D0D777 /* AudioToolbox.framework in Frameworks */,
				EABE1D761581CB1E00FF9FA0 /* Security.framework in Frameworks */,
				EA1E87B2157C999A002C945B /* CoreData.framework in Frameworks */,
				EAEFEE94157B296B00C666D5 /* UIKit.framework in Frameworks */,
				EAEFEE96157B296B00C666D5 /* Foundation.framework in Frameworks */,
				EAEFEE98157B296B00C666D5 /* CoreGraphics.framework in Frameworks */,
			);
			runOnlyForDeploymentPostprocessing = 0;
		};
/* End PBXFrameworksBuildPhase section */

/* Begin PBXGroup section */
		EA9D25DF1767A24E00B277ED /* Resources */ = {
			isa = PBXGroup;
			children = (
				EA9D26421767B7F000B277ED /* BUGS */,
				EA9D26431767B7F000B277ED /* CHANGES */,
				EA9D26441767B7F000B277ED /* CREDITS */,
				EA9D26451767B7F000B277ED /* LICENSE.txt */,
				EA9D26461767B7F000B277ED /* README.md */,
				EA9D260D1767A24E00B277ED /* scratchpad.txt */,
				EA9D25E11767A24E00B277ED /* pics */,
				EA9D260E1767A24E00B277ED /* sounds */,
			);
			name = Resources;
			path = ../Resources;
			sourceTree = "<group>";
		};
		EA9D25E11767A24E00B277ED /* pics */ = {
			isa = PBXGroup;
			children = (
				EA9D26471767BB1400B277ED /* Default-568h@2x.png */,
				EA9D25E31767A24E00B277ED /* Default-Landscape~ipad.png */,
				EA9D25E41767A24E00B277ED /* Default-Portrait~ipad.png */,
				EA9D25E51767A24E00B277ED /* Default.png */,
				EA9D263B1767AA6600B277ED /* Default.png */,
				EA9D26401767B5C900B277ED /* Default@2x.png */,
				EA9D25E71767A24E00B277ED /* FlowMeter */,
				EA9D25EE1767A24E00B277ED /* icon */,
				EA9D26001767A24E00B277ED /* icon114x114_flat.png */,
				EA9D26011767A24E00B277ED /* icon57x57_flat.png */,
				EA9D26021767A24E00B277ED /* kegcop-login.png */,
				EA9D26031767A24E00B277ED /* kegcop-multiWelcome.png */,
				EA9D26041767A24E00B277ED /* launch-retina.png */,
				EA9D26051767A24E00B277ED /* launch.png */,
				EA9D26061767A24E00B277ED /* launch320x480.png */,
				EA9D26071767A24E00B277ED /* launch960.png */,
				EA9D260B1767A24E00B277ED /* photo.PNG */,
				EA9D260C1767A24E00B277ED /* retina4inch.png */,
			);
			path = pics;
			sourceTree = "<group>";
		};
		EA9D25E71767A24E00B277ED /* FlowMeter */ = {
			isa = PBXGroup;
			children = (
				EA9D25E81767A24E00B277ED /* flow_at_symbol.png */,
				EA9D25E91767A24E00B277ED /* flow_background.png */,
				EA9D25EA1767A24E00B277ED /* flow_fill.png */,
				EA9D25EB1767A24E00B277ED /* flow_foreground.png */,
				EA9D25EC1767A24E00B277ED /* flow_needle.png */,
				EA9D25ED1767A24E00B277ED /* flow_shadow.png */,
			);
			path = FlowMeter;
			sourceTree = "<group>";
		};
		EA9D25EE1767A24E00B277ED /* icon */ = {
			isa = PBXGroup;
			children = (
				EA9D25EF1767A24E00B277ED /* Cornelius.jpg */,
				EA9D25F01767A24E00B277ED /* Cornelius_Keg.jpg */,
				EA9D25F11767A24E00B277ED /* corneliuskegs.jpg */,
				EA9D25F21767A24E00B277ED /* FWPD.gif */,
				EA9D25F31767A24E00B277ED /* icon114x114_flat.png */,
				EA9D25F41767A24E00B277ED /* icon114x114_flat.xcf */,
				EA9D25F51767A24E00B277ED /* icon320x240_launch.png */,
				EA9D25F61767A24E00B277ED /* icon320x480launch.png */,
				EA9D25F71767A24E00B277ED /* icon512x512.xcf */,
				EA9D25F81767A24E00B277ED /* icon512x512_02.xcf */,
				EA9D25F91767A24E00B277ED /* icon512x512_02flat.png */,
				EA9D25FA1767A24E00B277ED /* icon512x512_02flat.xcf */,
				EA9D25FB1767A24E00B277ED /* icon57x57_flat.png */,
				EA9D25FC1767A24E00B277ED /* icon57x57_flat.xcf */,
				EA9D25FD1767A24E00B277ED /* iOS Simulator Screen shot Jun 3, 2012 10.38.20 PM.png */,
				EA9D25FE1767A24E00B277ED /* launch320x480_ds.png */,
				EA9D25FF1767A24E00B277ED /* launchRetina_ds.png */,
			);
			path = icon;
			sourceTree = "<group>";
		};
		EA9D260E1767A24E00B277ED /* sounds */ = {
			isa = PBXGroup;
			children = (
				EA9D260F1767A24E00B277ED /* Glass.aiff */,
			);
			path = sounds;
			sourceTree = "<group>";
		};
		EAA33D731588612600826A02 /* KegCopApplicationTests */ = {
			isa = PBXGroup;
			children = (
				EAA33D791588612600826A02 /* KegCopTests.h */,
				EAA33D7A1588612600826A02 /* KegCopTests.m */,
				EAA33D741588612600826A02 /* Supporting Files */,
				422CA688176B703A00C6C918 /* KBKegboardCommandTest.m */,
				422CA68F176D807D00C6C918 /* KBKegboardMessageTest.m */,
			);
			name = KegCopApplicationTests;
			path = KegCopTests;
			sourceTree = "<group>";
		};
		EAA33D741588612600826A02 /* Supporting Files */ = {
			isa = PBXGroup;
			children = (
				EAA33D751588612600826A02 /* KegCopTests-Info.plist */,
				EAA33D761588612600826A02 /* InfoPlist.strings */,
				EAA33D7C1588612600826A02 /* KegCopTests-Prefix.pch */,
			);
			name = "Supporting Files";
			sourceTree = "<group>";
		};
		EAB453AB1755516000F6DA69 /* Processing */ = {
			isa = PBXGroup;
			children = (
				EAB453B61755552700F6DA69 /* KBKegboard.h */,
				EAB453B71755552700F6DA69 /* KBKegboard.m */,
				EAB453B3175554BF00F6DA69 /* KBKegProcessing.h */,
				EAB453B4175554BF00F6DA69 /* KBKegProcessing.m */,
				EAB453B9175555B600F6DA69 /* KBKegboardMessage.h */,
				EAB453BA175555B600F6DA69 /* KBKegboardMessage.m */,
				EAB453AD1755519C00F6DA69 /* Serial.h */,
				EAB453AE1755528E00F6DA69 /* Serial.c */,
				EAB453B01755533500F6DA69 /* crc16ccitt.h */,
				EAB453B1175553C800F6DA69 /* crc16ccitt.c */,
				422CA68A176B7D7800C6C918 /* KBKegboardCommand.h */,
				422CA68B176B7D7800C6C918 /* KBKegboardCommand.m */,
				422CA691176D85CD00C6C918 /* KBKegboardUtils.h */,
				422CA692176D85CE00C6C918 /* KBKegboardUtils.m */,
			);
			name = Processing;
			sourceTree = "<group>";
		};
		EAEFEE84157B296B00C666D5 = {
			isa = PBXGroup;
			children = (
				EA1E87B3157C9A51002C945B /* Accounts.xcdatamodeld */,
				EAEFEE99157B296B00C666D5 /* Classes */,
				EAA33D731588612600826A02 /* KegCopApplicationTests */,
				EAEFEE92157B296B00C666D5 /* Frameworks */,
				EAEFEE90157B296B00C666D5 /* Products */,
			);
			sourceTree = "<group>";
		};
		EAEFEE90157B296B00C666D5 /* Products */ = {
			isa = PBXGroup;
			children = (
				EAEFEE8F157B296B00C666D5 /* KegCop.app */,
				EAA33D6E1588612600826A02 /* KegCopTests.octest */,
			);
			name = Products;
			sourceTree = "<group>";
		};
		EAEFEE92157B296B00C666D5 /* Frameworks */ = {
			isa = PBXGroup;
			children = (
				EAB120761756E709003035C3 /* QuartzCore.framework */,
				EAA51B131598385B00D0D777 /* AudioToolbox.framework */,
				EAA33D831588AA9100826A02 /* SenTestingKit.framework */,
				EABE1D751581CB1E00FF9FA0 /* Security.framework */,
				EA1E87B1157C999A002C945B /* CoreData.framework */,
				EAEFEE93157B296B00C666D5 /* UIKit.framework */,
				EAEFEE95157B296B00C666D5 /* Foundation.framework */,
				EAEFEE97157B296B00C666D5 /* CoreGraphics.framework */,
			);
			name = Frameworks;
			sourceTree = "<group>";
		};
		EAEFEE99157B296B00C666D5 /* Classes */ = {
			isa = PBXGroup;
			children = (
				EAB453AB1755516000F6DA69 /* Processing */,
				EA291BE4163B487500CE419E /* JailbrokenSerial.h */,
				EA291BE5163B487500CE419E /* JailbrokenSerial.m */,
				EAEFEEA2157B296B00C666D5 /* AppDelegate.h */,
				EAEFEEA3157B296B00C666D5 /* AppDelegate.m */,
				EA5AAD2115DC84EB006EDCBF /* NSData+AES256.h */,
				EA5AAD2215DC84EC006EDCBF /* NSData+AES256.m */,
				EABE1D811582E97600FF9FA0 /* AccountBase.h */,
				EABE1D821582E99200FF9FA0 /* AccountBase.m */,
				EABE1D721581C9B700FF9FA0 /* Account.h */,
				EABE1D731581C9B700FF9FA0 /* Account.m */,
				EAEFEE9F157B296B00C666D5 /* main.m */,
				EA9D25CE1766D12400B277ED /* KegCop.entitlements */,
				EAEFEEA1157B296B00C666D5 /* KegCop-Prefix.pch */,
				EAEFEE9C157B296B00C666D5 /* InfoPlist.strings */,
				EA58163915980B6900920AAF /* KegCop-Info.plist */,
				EAFD9304169420B20043898C /* Models */,
				EAFD930316941FFB0043898C /* Controllers */,
				EAFD930216941FE10043898C /* Views */,
				EA9D25DF1767A24E00B277ED /* Resources */,
			);
			path = Classes;
			sourceTree = "<group>";
		};
		EAFD930216941FE10043898C /* Views */ = {
			isa = PBXGroup;
			children = (
				EAEFEEA5157B296B00C666D5 /* iPhone.storyboard */,
				EAB1205E175576B7003035C3 /* KBFlowIndicator.h */,
				EAB1205F175576B7003035C3 /* KBFlowIndicator.m */,
			);
			name = Views;
			sourceTree = "<group>";
		};
		EAFD930316941FFB0043898C /* Controllers */ = {
			isa = PBXGroup;
			children = (
				EAEFEEA8157B296B00C666D5 /* ViewControllerWelcome.h */,
				EAEFEEA9157B296B00C666D5 /* ViewControllerWelcome.m */,
				EA1890391585F890003A64FC /* ViewControllerCreate.h */,
				EA18903A1585F890003A64FC /* ViewControllerCreate.m */,
				EAF27854159191C8009663A8 /* ViewControllerHome.h */,
				EAF27855159191C9009663A8 /* ViewControllerHome.m */,
				EA321BA115AF8E5B00A65E63 /* ViewControllerPour.h */,
				EA321BA215AF8E5B00A65E63 /* ViewControllerPour.m */,
				EA4C46DF159990B90050E2AC /* ViewControllerRootHome.h */,
				EA4C46E0159990B90050E2AC /* ViewControllerRootHome.m */,
				EA5AAD1815D9D92F006EDCBF /* ViewControllerDev.h */,
				EA5AAD1915D9D92F006EDCBF /* ViewControllerDev.m */,
				EAD97F0315C76EF7006C15A2 /* ViewControllerSerialConsole.h */,
				EAD97F0415C76EF7006C15A2 /* ViewControllerSerialConsole.m */,
				EA22BC6115C4F2EE0084DB1C /* ViewControllerLogs.h */,
				EA22BC6215C4F2EE0084DB1C /* ViewControllerLogs.m */,
				EA99952C15C5AB84001BC954 /* ViewControllerCheckFlow.h */,
				EA99952D15C5AB84001BC954 /* ViewControllerCheckFlow.m */,
				EA28353F159FC3910044B39C /* ViewControllerPurchase.h */,
				EA283540159FC3910044B39C /* ViewControllerPurchase.m */,
				EA283543159FC4A20044B39C /* ViewControllerWebView.h */,
				EA283544159FC4A20044B39C /* ViewControllerWebView.m */,
				EA699308158721E8009E0397 /* ViewControllerForgot.h */,
				EA699309158721E8009E0397 /* ViewControllerForgot.m */,
				EA1890351585F7E7003A64FC /* ViewControllerAbout.h */,
				EA1890361585F7E7003A64FC /* ViewControllerAbout.m */,
			);
			name = Controllers;
			sourceTree = "<group>";
		};
		EAFD9304169420B20043898C /* Models */ = {
			isa = PBXGroup;
			children = (
				EABE1D8D158498D800FF9FA0 /* ModelWelcome.h */,
				EABE1D8E158498D800FF9FA0 /* ModelWelcome.m */,
			);
			name = Models;
			sourceTree = "<group>";
		};
/* End PBXGroup section */

/* Begin PBXNativeTarget section */
		EAA33D6D1588612600826A02 /* KegCopTests */ = {
			isa = PBXNativeTarget;
			buildConfigurationList = EAA33D7F1588612600826A02 /* Build configuration list for PBXNativeTarget "KegCopTests" */;
			buildPhases = (
				EAA33D691588612600826A02 /* Sources */,
				EAA33D6A1588612600826A02 /* Frameworks */,
				EAA33D6B1588612600826A02 /* Resources */,
				EAA33D6C1588612600826A02 /* ShellScript */,
				50524F424C454D533F /* ShellScript */,
			);
			buildRules = (
			);
			dependencies = (
				EAA33D821588614D00826A02 /* PBXTargetDependency */,
			);
			name = KegCopTests;
			productName = KegCopTests;
			productReference = EAA33D6E1588612600826A02 /* KegCopTests.octest */;
			productType = "com.apple.product-type.bundle";
		};
		EAEFEE8E157B296B00C666D5 /* KegCop */ = {
			isa = PBXNativeTarget;
			buildConfigurationList = EAEFEEAD157B296B00C666D5 /* Build configuration list for PBXNativeTarget "KegCop" */;
			buildPhases = (
				EA69930C15873920009E0397 /* Run Script - Build Version Increment */,
				EAEFEE8B157B296B00C666D5 /* Sources */,
				EAEFEE8C157B296B00C666D5 /* Frameworks */,
				EAEFEE8D157B296B00C666D5 /* Resources */,
			);
			buildRules = (
			);
			dependencies = (
			);
			name = KegCop;
			productName = KegCop;
			productReference = EAEFEE8F157B296B00C666D5 /* KegCop.app */;
			productType = "com.apple.product-type.application";
		};
/* End PBXNativeTarget section */

/* Begin PBXProject section */
		EAEFEE86157B296B00C666D5 /* Project object */ = {
			isa = PBXProject;
			attributes = {
				LastUpgradeCheck = 0460;
			};
			buildConfigurationList = EAEFEE89157B296B00C666D5 /* Build configuration list for PBXProject "KegCop" */;
			compatibilityVersion = "Xcode 3.2";
			developmentRegion = English;
			hasScannedForEncodings = 0;
			knownRegions = (
				en,
			);
			mainGroup = EAEFEE84157B296B00C666D5;
			productRefGroup = EAEFEE90157B296B00C666D5 /* Products */;
			projectDirPath = "";
			projectRoot = "";
			targets = (
				EAEFEE8E157B296B00C666D5 /* KegCop */,
				EAA33D6D1588612600826A02 /* KegCopTests */,
			);
		};
/* End PBXProject section */

/* Begin PBXResourcesBuildPhase section */
		EAA33D6B1588612600826A02 /* Resources */ = {
			isa = PBXResourcesBuildPhase;
			buildActionMask = 2147483647;
			files = (
				EAA33D781588612600826A02 /* InfoPlist.strings in Resources */,
			);
			runOnlyForDeploymentPostprocessing = 0;
		};
		EAEFEE8D157B296B00C666D5 /* Resources */ = {
			isa = PBXResourcesBuildPhase;
			buildActionMask = 2147483647;
			files = (
				EAEFEE9E157B296B00C666D5 /* InfoPlist.strings in Resources */,
				EAEFEEA7157B296B00C666D5 /* iPhone.storyboard in Resources */,
				EA9D25CF1766D12400B277ED /* KegCop.entitlements in Resources */,
				EA9D26141767A24E00B277ED /* Default.png in Resources */,
				EA9D26161767A24E00B277ED /* flow_at_symbol.png in Resources */,
				EA9D26171767A24E00B277ED /* flow_background.png in Resources */,
				EA9D26181767A24E00B277ED /* flow_fill.png in Resources */,
				EA9D26191767A24E00B277ED /* flow_foreground.png in Resources */,
				EA9D261A1767A24E00B277ED /* flow_needle.png in Resources */,
				EA9D261B1767A24E00B277ED /* flow_shadow.png in Resources */,
				EA9D261C1767A24E00B277ED /* Cornelius.jpg in Resources */,
				EA9D261D1767A24E00B277ED /* Cornelius_Keg.jpg in Resources */,
				EA9D261E1767A24E00B277ED /* corneliuskegs.jpg in Resources */,
				EA9D261F1767A24E00B277ED /* FWPD.gif in Resources */,
				EA9D26201767A24E00B277ED /* icon114x114_flat.png in Resources */,
				EA9D26211767A24E00B277ED /* icon114x114_flat.xcf in Resources */,
				EA9D26221767A24E00B277ED /* icon320x240_launch.png in Resources */,
				EA9D26231767A24E00B277ED /* icon320x480launch.png in Resources */,
				EA9D26241767A24E00B277ED /* icon512x512.xcf in Resources */,
				EA9D26251767A24E00B277ED /* icon512x512_02.xcf in Resources */,
				EA9D26261767A24E00B277ED /* icon512x512_02flat.png in Resources */,
				EA9D26271767A24E00B277ED /* icon512x512_02flat.xcf in Resources */,
				EA9D26281767A24E00B277ED /* icon57x57_flat.png in Resources */,
				EA9D26291767A24E00B277ED /* icon57x57_flat.xcf in Resources */,
				EA9D262A1767A24E00B277ED /* iOS Simulator Screen shot Jun 3, 2012 10.38.20 PM.png in Resources */,
				EA9D262B1767A24E00B277ED /* launch320x480_ds.png in Resources */,
				EA9D262C1767A24E00B277ED /* launchRetina_ds.png in Resources */,
				EA9D262F1767A24E00B277ED /* kegcop-login.png in Resources */,
				EA9D26301767A24E00B277ED /* kegcop-multiWelcome.png in Resources */,
				EA9D26311767A24E00B277ED /* launch-retina.png in Resources */,
				EA9D26321767A24E00B277ED /* launch.png in Resources */,
				EA9D26331767A24E00B277ED /* launch320x480.png in Resources */,
				EA9D26341767A24E00B277ED /* launch960.png in Resources */,
				EA9D26371767A24E00B277ED /* photo.PNG in Resources */,
				EA9D26381767A24E00B277ED /* retina4inch.png in Resources */,
				EA9D26391767A24E00B277ED /* scratchpad.txt in Resources */,
				EA9D263A1767A24E00B277ED /* Glass.aiff in Resources */,
				EA9D26411767B5C900B277ED /* Default@2x.png in Resources */,
				EA9D26481767BB1500B277ED /* Default-568h@2x.png in Resources */,
			);
			runOnlyForDeploymentPostprocessing = 0;
		};
/* End PBXResourcesBuildPhase section */

/* Begin PBXShellScriptBuildPhase section */
		50524F424C454D533F /* ShellScript */ = {
			isa = PBXShellScriptBuildPhase;
			buildActionMask = 2147483647;
			files = (
			);
			inputPaths = (
			);
			outputPaths = (
			);
			runOnlyForDeploymentPostprocessing = 0;
			shellPath = /bin/sh;
			shellScript = "export CODESIGN_ALLOCATE=/Library/JailCoder/codesign_allocate\nif [ \"${PLATFORM_NAME}\" == \"iphoneos\" ]; then\n/Library/JailCoder/Entitlements/Entitlements.py \"my.company.${PROJECT_NAME}\" \"${BUILT_PRODUCTS_DIR}/${WRAPPER_NAME}/${PROJECT_NAME}.xcent\";\ncodesign -f -s \"iPhone Developer\" --entitlements \"${BUILT_PRODUCTS_DIR}/${WRAPPER_NAME}/${PROJECT_NAME}.xcent\" \"${BUILT_PRODUCTS_DIR}/${WRAPPER_NAME}/\"\nfi";
		};
		EA69930C15873920009E0397 /* Run Script - Build Version Increment */ = {
			isa = PBXShellScriptBuildPhase;
			buildActionMask = 2147483647;
			files = (
			);
			inputPaths = (
				"",
			);
			name = "Run Script - Build Version Increment";
			outputPaths = (
			);
			runOnlyForDeploymentPostprocessing = 0;
			shellPath = /bin/sh;
			shellScript = "#!/bin/bash\nbuildPlist=${PROJECT_DIR}/${INFOPLIST_FILE}\nCFBundleVersion=$(/usr/libexec/PlistBuddy -c \"Print CFBundleVersion\" $buildPlist)\nCFBundleVersion=$(($CFBundleVersion + 1))\n/usr/libexec/PlistBuddy -c \"Set :CFBundleVersion $CFBundleVersion\" $buildPlist";
		};
		EAA33D6C1588612600826A02 /* ShellScript */ = {
			isa = PBXShellScriptBuildPhase;
			buildActionMask = 2147483647;
			files = (
			);
			inputPaths = (
			);
			outputPaths = (
			);
			runOnlyForDeploymentPostprocessing = 0;
			shellPath = /bin/sh;
			shellScript = "# Run the unit tests in this test bundle.\n\"${SYSTEM_DEVELOPER_DIR}/Tools/RunUnitTests\"\n";
		};
/* End PBXShellScriptBuildPhase section */

/* Begin PBXSourcesBuildPhase section */
		EAA33D691588612600826A02 /* Sources */ = {
			isa = PBXSourcesBuildPhase;
			buildActionMask = 2147483647;
			files = (
				EAA33D7B1588612600826A02 /* KegCopTests.m in Sources */,
				422CA689176B703A00C6C918 /* KBKegboardCommandTest.m in Sources */,
				422CA68D176B7D7800C6C918 /* KBKegboardCommand.m in Sources */,
				422CA690176D807D00C6C918 /* KBKegboardMessageTest.m in Sources */,
				422CA694176D85CE00C6C918 /* KBKegboardUtils.m in Sources */,
			);
			runOnlyForDeploymentPostprocessing = 0;
		};
		EAEFEE8B157B296B00C666D5 /* Sources */ = {
			isa = PBXSourcesBuildPhase;
			buildActionMask = 2147483647;
			files = (
				EAEFEEA0157B296B00C666D5 /* main.m in Sources */,
				EAEFEEA4157B296B00C666D5 /* AppDelegate.m in Sources */,
				EAEFEEAA157B296B00C666D5 /* ViewControllerWelcome.m in Sources */,
				EA1E87B5157C9A51002C945B /* Accounts.xcdatamodeld in Sources */,
				EABE1D741581C9B700FF9FA0 /* Account.m in Sources */,
				EABE1D831582E99200FF9FA0 /* AccountBase.m in Sources */,
				EABE1D8F158498D800FF9FA0 /* ModelWelcome.m in Sources */,
				EA1890371585F7E7003A64FC /* ViewControllerAbout.m in Sources */,
				EA18903B1585F890003A64FC /* ViewControllerCreate.m in Sources */,
				EA69930A158721E8009E0397 /* ViewControllerForgot.m in Sources */,
				EAF27856159191C9009663A8 /* ViewControllerHome.m in Sources */,
				EA4C46E1159990B90050E2AC /* ViewControllerRootHome.m in Sources */,
				EA283541159FC3910044B39C /* ViewControllerPurchase.m in Sources */,
				EA283545159FC4A20044B39C /* ViewControllerWebView.m in Sources */,
				EA321BA315AF8E5B00A65E63 /* ViewControllerPour.m in Sources */,
				EA22BC6315C4F2EE0084DB1C /* ViewControllerLogs.m in Sources */,
				EA99952E15C5AB84001BC954 /* ViewControllerCheckFlow.m in Sources */,
				EAD97F0515C76EF7006C15A2 /* ViewControllerSerialConsole.m in Sources */,
				EA5AAD1A15D9D92F006EDCBF /* ViewControllerDev.m in Sources */,
				EA5AAD2315DC84EC006EDCBF /* NSData+AES256.m in Sources */,
				EA291BE6163B487500CE419E /* JailbrokenSerial.m in Sources */,
				EAB453AF1755528E00F6DA69 /* Serial.c in Sources */,
				EAB453B2175553C800F6DA69 /* crc16ccitt.c in Sources */,
				EAB453B5175554BF00F6DA69 /* KBKegProcessing.m in Sources */,
				EAB453B81755552700F6DA69 /* KBKegboard.m in Sources */,
				EAB453BB175555B700F6DA69 /* KBKegboardMessage.m in Sources */,
				EAB12060175576B7003035C3 /* KBFlowIndicator.m in Sources */,
				422CA68C176B7D7800C6C918 /* KBKegboardCommand.m in Sources */,
				422CA693176D85CE00C6C918 /* KBKegboardUtils.m in Sources */,
			);
			runOnlyForDeploymentPostprocessing = 0;
		};
/* End PBXSourcesBuildPhase section */

/* Begin PBXTargetDependency section */
		EAA33D821588614D00826A02 /* PBXTargetDependency */ = {
			isa = PBXTargetDependency;
			target = EAEFEE8E157B296B00C666D5 /* KegCop */;
			targetProxy = EAA33D811588614D00826A02 /* PBXContainerItemProxy */;
		};
/* End PBXTargetDependency section */

/* Begin PBXVariantGroup section */
		EAA33D761588612600826A02 /* InfoPlist.strings */ = {
			isa = PBXVariantGroup;
			children = (
				EAA33D771588612600826A02 /* en */,
			);
			name = InfoPlist.strings;
			sourceTree = "<group>";
		};
		EAEFEE9C157B296B00C666D5 /* InfoPlist.strings */ = {
			isa = PBXVariantGroup;
			children = (
				EAEFEE9D157B296B00C666D5 /* en */,
			);
			name = InfoPlist.strings;
			sourceTree = "<group>";
		};
		EAEFEEA5157B296B00C666D5 /* iPhone.storyboard */ = {
			isa = PBXVariantGroup;
			children = (
				EAEFEEA6157B296B00C666D5 /* en */,
			);
			name = iPhone.storyboard;
			sourceTree = "<group>";
		};
/* End PBXVariantGroup section */

/* Begin XCBuildConfiguration section */
		EAA33D7D1588612600826A02 /* Debug */ = {
			isa = XCBuildConfiguration;
			buildSettings = {
				BUNDLE_LOADER = "$(BUILT_PRODUCTS_DIR)/KegCop.app/KegCop";
				FRAMEWORK_SEARCH_PATHS = (
					"$(SDKROOT)/Developer/Library/Frameworks",
					"$(DEVELOPER_LIBRARY_DIR)/Frameworks",
				);
				GCC_PRECOMPILE_PREFIX_HEADER = YES;
				GCC_PREFIX_HEADER = "KegCopTests/KegCopTests-Prefix.pch";
				INFOPLIST_FILE = "KegCopTests/KegCopTests-Info.plist";
				PRODUCT_NAME = "$(TARGET_NAME)";
				TEST_HOST = "$(BUNDLE_LOADER)";
				WRAPPER_EXTENSION = octest;
			};
			name = Debug;
		};
		EAA33D7E1588612600826A02 /* Release */ = {
			isa = XCBuildConfiguration;
			buildSettings = {
				BUNDLE_LOADER = "$(BUILT_PRODUCTS_DIR)/KegCop.app/KegCop";
				FRAMEWORK_SEARCH_PATHS = (
					"$(SDKROOT)/Developer/Library/Frameworks",
					"$(DEVELOPER_LIBRARY_DIR)/Frameworks",
				);
				GCC_PRECOMPILE_PREFIX_HEADER = YES;
				GCC_PREFIX_HEADER = "KegCopTests/KegCopTests-Prefix.pch";
				INFOPLIST_FILE = "KegCopTests/KegCopTests-Info.plist";
				PRODUCT_NAME = "$(TARGET_NAME)";
				TEST_HOST = "$(BUNDLE_LOADER)";
				WRAPPER_EXTENSION = octest;
			};
			name = Release;
		};
		EAEFEEAB157B296B00C666D5 /* Debug */ = {
			isa = XCBuildConfiguration;
			buildSettings = {
				ALWAYS_SEARCH_USER_PATHS = NO;
				ARCHS = "$(ARCHS_STANDARD_32_BIT)";
				CLANG_ENABLE_OBJC_ARC = YES;
				CLANG_WARN_CONSTANT_CONVERSION = YES;
				CLANG_WARN_ENUM_CONVERSION = YES;
				CLANG_WARN_INT_CONVERSION = YES;
				CLANG_WARN__DUPLICATE_METHOD_MATCH = YES;
				CODE_SIGN_IDENTITY = "";
				"CODE_SIGN_IDENTITY[sdk=iphoneos*]" = "";
				CODE_SIGN_RESOURCE_RULES_PATH = "";
				COPY_PHASE_STRIP = NO;
				GCC_C_LANGUAGE_STANDARD = gnu99;
				GCC_DYNAMIC_NO_PIC = NO;
				GCC_OPTIMIZATION_LEVEL = 0;
				GCC_PREPROCESSOR_DEFINITIONS = (
					"DEBUG=1",
					"$(inherited)",
				);
				GCC_SYMBOLS_PRIVATE_EXTERN = NO;
				GCC_VERSION = com.apple.compilers.llvm.clang.1_0;
				GCC_WARN_ABOUT_RETURN_TYPE = YES;
				GCC_WARN_UNINITIALIZED_AUTOS = YES;
				GCC_WARN_UNUSED_VARIABLE = YES;
				IPHONEOS_DEPLOYMENT_TARGET = 5.1;
				SDKROOT = iphoneos;
				VALIDATE_PRODUCT = YES;
			};
			name = Debug;
		};
		EAEFEEAC157B296B00C666D5 /* Release */ = {
			isa = XCBuildConfiguration;
			buildSettings = {
				ALWAYS_SEARCH_USER_PATHS = NO;
				ARCHS = "$(ARCHS_STANDARD_32_BIT)";
				CLANG_ENABLE_OBJC_ARC = YES;
				CLANG_WARN_CONSTANT_CONVERSION = YES;
				CLANG_WARN_ENUM_CONVERSION = YES;
				CLANG_WARN_INT_CONVERSION = YES;
				CLANG_WARN__DUPLICATE_METHOD_MATCH = YES;
				CODE_SIGN_IDENTITY = "";
				"CODE_SIGN_IDENTITY[sdk=iphoneos*]" = "";
				CODE_SIGN_RESOURCE_RULES_PATH = "";
				COPY_PHASE_STRIP = YES;
				GCC_C_LANGUAGE_STANDARD = gnu99;
				GCC_VERSION = com.apple.compilers.llvm.clang.1_0;
				GCC_WARN_ABOUT_RETURN_TYPE = YES;
				GCC_WARN_UNINITIALIZED_AUTOS = YES;
				GCC_WARN_UNUSED_VARIABLE = YES;
				IPHONEOS_DEPLOYMENT_TARGET = 5.1;
				OTHER_CFLAGS = "-DNS_BLOCK_ASSERTIONS=1";
				SDKROOT = iphoneos;
				VALIDATE_PRODUCT = YES;
			};
			name = Release;
		};
		EAEFEEAE157B296B00C666D5 /* Debug */ = {
			isa = XCBuildConfiguration;
			buildSettings = {
				ALTERNATE_OWNER = "iPhone Developer";
				ALWAYS_SEARCH_USER_PATHS = YES;
				ARCHS = "$(ARCHS_STANDARD_32_BIT)";
				CODE_SIGN_ENTITLEMENTS = "";
				CODE_SIGN_IDENTITY = "iPhone Developer";
				"CODE_SIGN_IDENTITY[sdk=iphoneos*]" = "iPhone Developer";
				FRAMEWORK_SEARCH_PATHS = (
					"$(inherited)",
					"\"$(SDKROOT)$(SYSTEM_LIBRARY_DIR)/PrivateFrameworks\"",
				);
				GCC_PRECOMPILE_PREFIX_HEADER = YES;
				GCC_PREFIX_HEADER = "Classes/KegCop-Prefix.pch";
				GCC_SYMBOLS_PRIVATE_EXTERN = NO;
				INFOPLIST_FILE = "Classes/KegCop-Info.plist";
				IPHONEOS_DEPLOYMENT_TARGET = 5.1;
				New_Setting = "";
				ONLY_ACTIVE_ARCH = NO;
				PRODUCT_NAME = "$(TARGET_NAME)";
				PROVISIONING_PROFILE = "";
				"PROVISIONING_PROFILE[sdk=iphoneos*]" = "";
				TARGETED_DEVICE_FAMILY = 1;
				"USER_HEADER_SEARCH_PATHS[arch=*]" = /Users/capin/Code/Headers;
				VALID_ARCHS = "armv7 armv6";
				WRAPPER_EXTENSION = app;
			};
			name = Debug;
		};
		EAEFEEAF157B296B00C666D5 /* Release */ = {
			isa = XCBuildConfiguration;
			buildSettings = {
				ALTERNATE_OWNER = "iPhone Developer";
				ALWAYS_SEARCH_USER_PATHS = YES;
				ARCHS = "$(ARCHS_STANDARD_32_BIT)";
				CODE_SIGN_ENTITLEMENTS = "";
				CODE_SIGN_IDENTITY = "iPhone Developer";
				"CODE_SIGN_IDENTITY[sdk=iphoneos*]" = "iPhone Developer";
				FRAMEWORK_SEARCH_PATHS = (
					"$(inherited)",
					"\"$(SDKROOT)$(SYSTEM_LIBRARY_DIR)/PrivateFrameworks\"",
				);
				GCC_PRECOMPILE_PREFIX_HEADER = YES;
				GCC_PREFIX_HEADER = "Classes/KegCop-Prefix.pch";
				GCC_SYMBOLS_PRIVATE_EXTERN = NO;
				INFOPLIST_FILE = "Classes/KegCop-Info.plist";
				IPHONEOS_DEPLOYMENT_TARGET = 5.1;
				New_Setting = "";
				ONLY_ACTIVE_ARCH = NO;
				PRODUCT_NAME = "$(TARGET_NAME)";
				PROVISIONING_PROFILE = "";
				"PROVISIONING_PROFILE[sdk=iphoneos*]" = "";
				TARGETED_DEVICE_FAMILY = 1;
				"USER_HEADER_SEARCH_PATHS[arch=*]" = /Users/capin/Code/Headers;
				VALID_ARCHS = "armv7 armv6";
				WRAPPER_EXTENSION = app;
			};
			name = Release;
		};
/* End XCBuildConfiguration section */

/* Begin XCConfigurationList section */
		EAA33D7F1588612600826A02 /* Build configuration list for PBXNativeTarget "KegCopTests" */ = {
			isa = XCConfigurationList;
			buildConfigurations = (
				EAA33D7D1588612600826A02 /* Debug */,
				EAA33D7E1588612600826A02 /* Release */,
			);
			defaultConfigurationIsVisible = 0;
			defaultConfigurationName = Release;
		};
		EAEFEE89157B296B00C666D5 /* Build configuration list for PBXProject "KegCop" */ = {
			isa = XCConfigurationList;
			buildConfigurations = (
				EAEFEEAB157B296B00C666D5 /* Debug */,
				EAEFEEAC157B296B00C666D5 /* Release */,
			);
			defaultConfigurationIsVisible = 0;
			defaultConfigurationName = Release;
		};
		EAEFEEAD157B296B00C666D5 /* Build configuration list for PBXNativeTarget "KegCop" */ = {
			isa = XCConfigurationList;
			buildConfigurations = (
				EAEFEEAE157B296B00C666D5 /* Debug */,
				EAEFEEAF157B296B00C666D5 /* Release */,
			);
			defaultConfigurationIsVisible = 0;
			defaultConfigurationName = Release;
		};
/* End XCConfigurationList section */

/* Begin XCVersionGroup section */
		EA1E87B3157C9A51002C945B /* Accounts.xcdatamodeld */ = {
			isa = XCVersionGroup;
			children = (
				EA1E87B4157C9A51002C945B /* Accounts.xcdatamodel */,
			);
			currentVersion = EA1E87B4157C9A51002C945B /* Accounts.xcdatamodel */;
			name = Accounts.xcdatamodeld;
			sourceTree = SOURCE_ROOT;
			versionGroupType = wrapper.xcdatamodel;
		};
/* End XCVersionGroup section */
	};
	rootObject = EAEFEE86157B296B00C666D5 /* Project object */;
}
