// !$*UTF8*$!
{
	archiveVersion = 1;
	classes = {
	};
	objectVersion = 46;
	objects = {

/* Begin PBXBuildFile section */
		5D1D3CDD3A3E40E789538892 /* libPods.a in Frameworks */ = {isa = PBXBuildFile; fileRef = 4CC4EEE47EAB4A04A9448C12 /* libPods.a */; };
		E52E849B1C392B67330A801F /* libPods-KegCopTests.a in Frameworks */ = {isa = PBXBuildFile; fileRef = D80D09334B60A38D84A28F02 /* libPods-KegCopTests.a */; };
		EA022CDD1A0ABAE900CE6B3C /* MapKit.framework in Frameworks */ = {isa = PBXBuildFile; fileRef = EA022CDC1A0ABAE900CE6B3C /* MapKit.framework */; };
		EA1E87B2157C999A002C945B /* CoreData.framework in Frameworks */ = {isa = PBXBuildFile; fileRef = EA1E87B1157C999A002C945B /* CoreData.framework */; };
		EA3463431A0AB3AC00588DC5 /* KegCopTests.m in Sources */ = {isa = PBXBuildFile; fileRef = EA3463421A0AB3AC00588DC5 /* KegCopTests.m */; };
		EA3AE8251AB5007B0083D0F0 /* AccountsDataModel.m in Sources */ = {isa = PBXBuildFile; fileRef = EA3AE8241AB5007B0083D0F0 /* AccountsDataModel.m */; };
		EA3AE8271AB620090083D0F0 /* TODO in Resources */ = {isa = PBXBuildFile; fileRef = EA3AE8261AB620090083D0F0 /* TODO */; };
		EA3AE82A1AB63E610083D0F0 /* HomeBrewPoster1.jpg in Resources */ = {isa = PBXBuildFile; fileRef = EA3AE8291AB63E610083D0F0 /* HomeBrewPoster1.jpg */; };
		EA986A021AB9FDEF00025B0D /* Default-568h@2x.png in Resources */ = {isa = PBXBuildFile; fileRef = EA986A011AB9FDEF00025B0D /* Default-568h@2x.png */; };
		EA9FF12D1A00B15800B7897A /* AVFoundation.framework in Frameworks */ = {isa = PBXBuildFile; fileRef = EA9FF12C1A00B15800B7897A /* AVFoundation.framework */; };
		EA9FF12F1A00B19200B7897A /* CoreMedia.framework in Frameworks */ = {isa = PBXBuildFile; fileRef = EA9FF12E1A00B19200B7897A /* CoreMedia.framework */; };
		EA9FF1311A00B19D00B7897A /* CoreVideo.framework in Frameworks */ = {isa = PBXBuildFile; fileRef = EA9FF1301A00B19D00B7897A /* CoreVideo.framework */; };
		EAA51B141598385B00D0D777 /* AudioToolbox.framework in Frameworks */ = {isa = PBXBuildFile; fileRef = EAA51B131598385B00D0D777 /* AudioToolbox.framework */; };
		EAB120771756E709003035C3 /* QuartzCore.framework in Frameworks */ = {isa = PBXBuildFile; fileRef = EAB120761756E709003035C3 /* QuartzCore.framework */; };
		EABE1D761581CB1E00FF9FA0 /* Security.framework in Frameworks */ = {isa = PBXBuildFile; fileRef = EABE1D751581CB1E00FF9FA0 /* Security.framework */; };
		EADB6DAA187A922800A0A8D2 /* CoreBluetooth.framework in Frameworks */ = {isa = PBXBuildFile; fileRef = EADB6DA9187A922800A0A8D2 /* CoreBluetooth.framework */; };
		EAEC80391AB3A41B004EFD58 /* main.m in Sources */ = {isa = PBXBuildFile; fileRef = EAC2D91C1AAFB86D0075EAB0 /* main.m */; };
		EAEC803B1AB3A442004EFD58 /* AppDelegate.m in Sources */ = {isa = PBXBuildFile; fileRef = EAC2D8DD1AAFB86D0075EAB0 /* AppDelegate.m */; };
		EAEC803D1AB3A49A004EFD58 /* ViewControllerWelcome.m in Sources */ = {isa = PBXBuildFile; fileRef = EAC2D90F1AAFB86D0075EAB0 /* ViewControllerWelcome.m */; };
		EAEC803F1AB3A4C7004EFD58 /* ModelWelcome.m in Sources */ = {isa = PBXBuildFile; fileRef = EAC2D91F1AAFB86D0075EAB0 /* ModelWelcome.m */; };
		EAEC80411AB3A52D004EFD58 /* ViewControllerDev2.m in Sources */ = {isa = PBXBuildFile; fileRef = EAC2D9331AAFB86D0075EAB0 /* ViewControllerDev2.m */; };
		EAEC80431AB3A52D004EFD58 /* ViewControllerDev3.m in Sources */ = {isa = PBXBuildFile; fileRef = EAC2D9351AAFB86D0075EAB0 /* ViewControllerDev3.m */; };
		EAEC80451AB3A52D004EFD58 /* ViewControllerDev4.m in Sources */ = {isa = PBXBuildFile; fileRef = EAC2D9371AAFB86D0075EAB0 /* ViewControllerDev4.m */; };
		EAEC80471AB3A52D004EFD58 /* KBFlowIndicator.m in Sources */ = {isa = PBXBuildFile; fileRef = EAC2D93B1AAFB86D0075EAB0 /* KBFlowIndicator.m */; };
		EAEC80491AB3A52D004EFD58 /* HUMAddEventViewController.m in Sources */ = {isa = PBXBuildFile; fileRef = EAC2D8E41AAFB86D0075EAB0 /* HUMAddEventViewController.m */; };
		EAEC804B1AB3A52D004EFD58 /* HUMConfirmationViewController.m in Sources */ = {isa = PBXBuildFile; fileRef = EAC2D8E61AAFB86D0075EAB0 /* HUMConfirmationViewController.m */; };
		EAEC804D1AB3A52D004EFD58 /* HUMMapViewController.m in Sources */ = {isa = PBXBuildFile; fileRef = EAC2D8E81AAFB86D0075EAB0 /* HUMMapViewController.m */; };
		EAEC80501AB3A52D004EFD58 /* ViewControllerAbout.m in Sources */ = {isa = PBXBuildFile; fileRef = EAC2D8EB1AAFB86D0075EAB0 /* ViewControllerAbout.m */; };
		EAEC80521AB3A52D004EFD58 /* ViewControllerAvatar2.m in Sources */ = {isa = PBXBuildFile; fileRef = EAC2D8EE1AAFB86D0075EAB0 /* ViewControllerAvatar2.m */; };
		EAEC80541AB3A52D004EFD58 /* ViewControllerAvatar3.m in Sources */ = {isa = PBXBuildFile; fileRef = EAC2D8F01AAFB86D0075EAB0 /* ViewControllerAvatar3.m */; };
		EAEC80561AB3A52D004EFD58 /* ViewControllerCheckFlow.m in Sources */ = {isa = PBXBuildFile; fileRef = EAC2D8F21AAFB86D0075EAB0 /* ViewControllerCheckFlow.m */; };
		EAEC80581AB3A52D004EFD58 /* ViewControllerCreate.m in Sources */ = {isa = PBXBuildFile; fileRef = EAC2D8F41AAFB86D0075EAB0 /* ViewControllerCreate.m */; };
		EAEC805A1AB3A52D004EFD58 /* ViewControllerDev.m in Sources */ = {isa = PBXBuildFile; fileRef = EAC2D8F61AAFB86D0075EAB0 /* ViewControllerDev.m */; };
		EAEC805C1AB3A52D004EFD58 /* ViewControllerForgot.m in Sources */ = {isa = PBXBuildFile; fileRef = EAC2D8F81AAFB86D0075EAB0 /* ViewControllerForgot.m */; };
		EAEC805E1AB3A52D004EFD58 /* ViewControllerHome.m in Sources */ = {isa = PBXBuildFile; fileRef = EAC2D8FA1AAFB86D0075EAB0 /* ViewControllerHome.m */; };
		EAEC80601AB3A52D004EFD58 /* ViewControllerLogs.m in Sources */ = {isa = PBXBuildFile; fileRef = EAC2D8FC1AAFB86D0075EAB0 /* ViewControllerLogs.m */; };
		EAEC80621AB3A52D004EFD58 /* ViewControllerPour.m in Sources */ = {isa = PBXBuildFile; fileRef = EAC2D8FE1AAFB86D0075EAB0 /* ViewControllerPour.m */; };
		EAEC80641AB3A52D004EFD58 /* ViewControllerPurchase.m in Sources */ = {isa = PBXBuildFile; fileRef = EAC2D9001AAFB86D0075EAB0 /* ViewControllerPurchase.m */; };
		EAEC80661AB3A52D004EFD58 /* ViewControllerRootHome.m in Sources */ = {isa = PBXBuildFile; fileRef = EAC2D9021AAFB86D0075EAB0 /* ViewControllerRootHome.m */; };
		EAEC80681AB3A52D004EFD58 /* ViewControllerRootHomeCenter.m in Sources */ = {isa = PBXBuildFile; fileRef = EAC2D9041AAFB86D0075EAB0 /* ViewControllerRootHomeCenter.m */; };
		EAEC806A1AB3A52D004EFD58 /* ViewControllerRootHomeLeftPanel.m in Sources */ = {isa = PBXBuildFile; fileRef = EAC2D9061AAFB86D0075EAB0 /* ViewControllerRootHomeLeftPanel.m */; };
		EAEC806C1AB3A52D004EFD58 /* ViewControllerSerialConsole.m in Sources */ = {isa = PBXBuildFile; fileRef = EAC2D9081AAFB86D0075EAB0 /* ViewControllerSerialConsole.m */; };
		EAEC806E1AB3A52D004EFD58 /* ViewControllerUsers.m in Sources */ = {isa = PBXBuildFile; fileRef = EAC2D90B1AAFB86D0075EAB0 /* ViewControllerUsers.m */; };
		EAEC80701AB3A52D004EFD58 /* ViewControllerWebView.m in Sources */ = {isa = PBXBuildFile; fileRef = EAC2D90D1AAFB86D0075EAB0 /* ViewControllerWebView.m */; };
		EAEC80711AB3A55A004EFD58 /* SERVICES.h in Sources */ = {isa = PBXBuildFile; fileRef = EAC2D9311AAFB86D0075EAB0 /* SERVICES.h */; };
		EAEC80731AB3A55A004EFD58 /* DFBlunoDevice.m in Sources */ = {isa = PBXBuildFile; fileRef = EAC2D9111AAFB86D0075EAB0 /* DFBlunoDevice.m */; };
		EAEC80751AB3A55A004EFD58 /* DFBlunoManager.m in Sources */ = {isa = PBXBuildFile; fileRef = EAC2D9131AAFB86D0075EAB0 /* DFBlunoManager.m */; };
		EAEC80771AB3A55A004EFD58 /* BLEDevice.m in Sources */ = {isa = PBXBuildFile; fileRef = EA960200189C48BF00068808 /* BLEDevice.m */; };
		EAEC80791AB3A55A004EFD58 /* BLEUtility.m in Sources */ = {isa = PBXBuildFile; fileRef = EA960203189C4A3500068808 /* BLEUtility.m */; };
		EAEC807B1AB3A586004EFD58 /* NSData+AES256.m in Sources */ = {isa = PBXBuildFile; fileRef = EAC2D9211AAFB86D0075EAB0 /* NSData+AES256.m */; };
		EAEC807C1AB3A586004EFD58 /* KegCop-Bridging-Header.h in Sources */ = {isa = PBXBuildFile; fileRef = EAC2D91B1AAFB86D0075EAB0 /* KegCop-Bridging-Header.h */; };
		EAEC807E1AB3A5C8004EFD58 /* JailbrokenSerial.m in Sources */ = {isa = PBXBuildFile; fileRef = EAC2D91A1AAFB86D0075EAB0 /* JailbrokenSerial.m */; };
		EAEC80801AB3A610004EFD58 /* KBKegProcessing.m in Sources */ = {isa = PBXBuildFile; fileRef = EAB453B4175554BF00F6DA69 /* KBKegProcessing.m */; };
		EAEC80821AB3A610004EFD58 /* KBKegboardCommand.m in Sources */ = {isa = PBXBuildFile; fileRef = 422CA68B176B7D7800C6C918 /* KBKegboardCommand.m */; };
		EAEC80841AB3A65B004EFD58 /* KBKegboard.m in Sources */ = {isa = PBXBuildFile; fileRef = EAB453B71755552700F6DA69 /* KBKegboard.m */; };
		EAEC80861AB3A65B004EFD58 /* KBKegboardMessage.m in Sources */ = {isa = PBXBuildFile; fileRef = EAB453BA175555B600F6DA69 /* KBKegboardMessage.m */; };
		EAEC80881AB3A65B004EFD58 /* KBKegboardUtils.m in Sources */ = {isa = PBXBuildFile; fileRef = 422CA692176D85CE00C6C918 /* KBKegboardUtils.m */; };
		EAEC808A1AB3A6A7004EFD58 /* Serial.c in Sources */ = {isa = PBXBuildFile; fileRef = EAB453AE1755528E00F6DA69 /* Serial.c */; };
		EAEC808C1AB3A6A7004EFD58 /* crc16ccitt.c in Sources */ = {isa = PBXBuildFile; fileRef = EAB453B1175553C800F6DA69 /* crc16ccitt.c */; };
		EAEC808E1AB3A928004EFD58 /* iPhone.storyboard in Resources */ = {isa = PBXBuildFile; fileRef = EAC2D9161AAFB86D0075EAB0 /* iPhone.storyboard */; };
		EAEC808F1AB3A928004EFD58 /* CenterViewController.xib in Resources */ = {isa = PBXBuildFile; fileRef = EAC2D9391AAFB86D0075EAB0 /* CenterViewController.xib */; };
		EAEC80901AB3A928004EFD58 /* LeftPanelViewController.xib in Resources */ = {isa = PBXBuildFile; fileRef = EAC2D93C1AAFB86D0075EAB0 /* LeftPanelViewController.xib */; };
		EAEC80911AB3AA1C004EFD58 /* Default-568@2x.png in Resources */ = {isa = PBXBuildFile; fileRef = EAE2C09518729D5C00DC3F02 /* Default-568@2x.png */; };
		EAEC80921AB3AA1C004EFD58 /* hamburger-menu-42x.png in Resources */ = {isa = PBXBuildFile; fileRef = EAEEBF951A17CFE100E9C489 /* hamburger-menu-42x.png */; };
		EAEC80931AB3AA1C004EFD58 /* icon_V2_60x60.png in Resources */ = {isa = PBXBuildFile; fileRef = EAE2C0D718788D2200DC3F02 /* icon_V2_60x60.png */; };
		EAEC80941AB3AA1C004EFD58 /* icon_V2_120x120.png in Resources */ = {isa = PBXBuildFile; fileRef = EAE2C0D818788D2200DC3F02 /* icon_V2_120x120.png */; };
		EAEC80951AB3AA1C004EFD58 /* Default.png in Resources */ = {isa = PBXBuildFile; fileRef = EA2611E117BAF46700023814 /* Default.png */; };
		EAEC80961AB3AA1C004EFD58 /* Icon.png in Resources */ = {isa = PBXBuildFile; fileRef = EA2611E517BCA33100023814 /* Icon.png */; };
		EAEC80971AB3AA34004EFD58 /* flow_at_symbol.png in Resources */ = {isa = PBXBuildFile; fileRef = EA9D25E81767A24E00B277ED /* flow_at_symbol.png */; };
		EAEC80981AB3AA34004EFD58 /* flow_background.png in Resources */ = {isa = PBXBuildFile; fileRef = EA9D25E91767A24E00B277ED /* flow_background.png */; };
		EAEC80991AB3AA34004EFD58 /* flow_fill.png in Resources */ = {isa = PBXBuildFile; fileRef = EA9D25EA1767A24E00B277ED /* flow_fill.png */; };
		EAEC809A1AB3AA34004EFD58 /* flow_foreground.png in Resources */ = {isa = PBXBuildFile; fileRef = EA9D25EB1767A24E00B277ED /* flow_foreground.png */; };
		EAEC809B1AB3AA34004EFD58 /* flow_needle.png in Resources */ = {isa = PBXBuildFile; fileRef = EA9D25EC1767A24E00B277ED /* flow_needle.png */; };
		EAEC809C1AB3AA34004EFD58 /* flow_shadow.png in Resources */ = {isa = PBXBuildFile; fileRef = EA9D25ED1767A24E00B277ED /* flow_shadow.png */; };
		EAEC809D1AB3AA54004EFD58 /* Glass.aiff in Resources */ = {isa = PBXBuildFile; fileRef = EA9D260F1767A24E00B277ED /* Glass.aiff */; };
		EAEC809F1AB3AA89004EFD58 /* Account.m in Sources */ = {isa = PBXBuildFile; fileRef = EAC2D8D91AAFB86D0075EAB0 /* Account.m */; };
		EAEC80A11AB3AA89004EFD58 /* AccountBase.m in Sources */ = {isa = PBXBuildFile; fileRef = EAC2D8DB1AAFB86D0075EAB0 /* AccountBase.m */; };
		EAEC80A21AB3AA89004EFD58 /* Accounts.xcdatamodeld in Sources */ = {isa = PBXBuildFile; fileRef = EACD704B177A4EE800A13B91 /* Accounts.xcdatamodeld */; };
		EAEC80A51AB4B052004EFD58 /* KCModalPickerView.m in Sources */ = {isa = PBXBuildFile; fileRef = EAEC80A41AB4B051004EFD58 /* KCModalPickerView.m */; };
		EAEFEE94157B296B00C666D5 /* UIKit.framework in Frameworks */ = {isa = PBXBuildFile; fileRef = EAEFEE93157B296B00C666D5 /* UIKit.framework */; };
		EAEFEE96157B296B00C666D5 /* Foundation.framework in Frameworks */ = {isa = PBXBuildFile; fileRef = EAEFEE95157B296B00C666D5 /* Foundation.framework */; };
		EAEFEE98157B296B00C666D5 /* CoreGraphics.framework in Frameworks */ = {isa = PBXBuildFile; fileRef = EAEFEE97157B296B00C666D5 /* CoreGraphics.framework */; };
/* End PBXBuildFile section */

/* Begin PBXContainerItemProxy section */
		EA3463441A0AB3AC00588DC5 /* PBXContainerItemProxy */ = {
			isa = PBXContainerItemProxy;
			containerPortal = EAEFEE86157B296B00C666D5 /* Project object */;
			proxyType = 1;
			remoteGlobalIDString = EAEFEE8E157B296B00C666D5;
			remoteInfo = KegCop;
		};
/* End PBXContainerItemProxy section */

/* Begin PBXFileReference section */
		16C5175EAEC3CBA524390977 /* Pods.release.xcconfig */ = {isa = PBXFileReference; includeInIndex = 1; lastKnownFileType = text.xcconfig; name = Pods.release.xcconfig; path = "Pods/Target Support Files/Pods/Pods.release.xcconfig"; sourceTree = "<group>"; };
		422CA688176B703A00C6C918 /* KBKegboardCommandTest.m */ = {isa = PBXFileReference; fileEncoding = 4; lastKnownFileType = sourcecode.c.objc; path = KBKegboardCommandTest.m; sourceTree = "<group>"; };
		422CA68A176B7D7800C6C918 /* KBKegboardCommand.h */ = {isa = PBXFileReference; fileEncoding = 4; lastKnownFileType = sourcecode.c.h; name = KBKegboardCommand.h; path = Processing/KBKegboardCommand.h; sourceTree = "<group>"; };
		422CA68B176B7D7800C6C918 /* KBKegboardCommand.m */ = {isa = PBXFileReference; fileEncoding = 4; lastKnownFileType = sourcecode.c.objc; name = KBKegboardCommand.m; path = Processing/KBKegboardCommand.m; sourceTree = "<group>"; };
		422CA68F176D807D00C6C918 /* KBKegboardMessageTest.m */ = {isa = PBXFileReference; fileEncoding = 4; lastKnownFileType = sourcecode.c.objc; path = KBKegboardMessageTest.m; sourceTree = "<group>"; };
		422CA691176D85CD00C6C918 /* KBKegboardUtils.h */ = {isa = PBXFileReference; fileEncoding = 4; lastKnownFileType = sourcecode.c.h; name = KBKegboardUtils.h; path = Processing/KBKegboardUtils.h; sourceTree = "<group>"; };
		422CA692176D85CE00C6C918 /* KBKegboardUtils.m */ = {isa = PBXFileReference; fileEncoding = 4; lastKnownFileType = sourcecode.c.objc; name = KBKegboardUtils.m; path = Processing/KBKegboardUtils.m; sourceTree = "<group>"; };
		4CC4EEE47EAB4A04A9448C12 /* libPods.a */ = {isa = PBXFileReference; explicitFileType = archive.ar; includeInIndex = 0; path = libPods.a; sourceTree = BUILT_PRODUCTS_DIR; };
		C1317D6D5FB97FE0337AA7E1 /* Pods.debug.xcconfig */ = {isa = PBXFileReference; includeInIndex = 1; lastKnownFileType = text.xcconfig; name = Pods.debug.xcconfig; path = "Pods/Target Support Files/Pods/Pods.debug.xcconfig"; sourceTree = "<group>"; };
		D80D09334B60A38D84A28F02 /* libPods-KegCopTests.a */ = {isa = PBXFileReference; explicitFileType = archive.ar; includeInIndex = 0; path = "libPods-KegCopTests.a"; sourceTree = BUILT_PRODUCTS_DIR; };
		EA022CDC1A0ABAE900CE6B3C /* MapKit.framework */ = {isa = PBXFileReference; lastKnownFileType = wrapper.framework; name = MapKit.framework; path = System/Library/Frameworks/MapKit.framework; sourceTree = SDKROOT; };
		EA1E87B1157C999A002C945B /* CoreData.framework */ = {isa = PBXFileReference; lastKnownFileType = wrapper.framework; name = CoreData.framework; path = System/Library/Frameworks/CoreData.framework; sourceTree = SDKROOT; };
		EA2611D017BAD29000023814 /* Info.plist */ = {isa = PBXFileReference; fileEncoding = 4; lastKnownFileType = text.plist.xml; name = Info.plist; path = Resources/Info.plist; sourceTree = SOURCE_ROOT; };
		EA2611E117BAF46700023814 /* Default.png */ = {isa = PBXFileReference; lastKnownFileType = image.png; path = Default.png; sourceTree = "<group>"; };
		EA2611E517BCA33100023814 /* Icon.png */ = {isa = PBXFileReference; lastKnownFileType = image.png; path = Icon.png; sourceTree = "<group>"; };
		EA34633E1A0AB3AC00588DC5 /* KegCopTests.xctest */ = {isa = PBXFileReference; explicitFileType = wrapper.cfbundle; includeInIndex = 0; path = KegCopTests.xctest; sourceTree = BUILT_PRODUCTS_DIR; };
		EA3463411A0AB3AC00588DC5 /* Info.plist */ = {isa = PBXFileReference; lastKnownFileType = text.plist.xml; path = Info.plist; sourceTree = "<group>"; };
		EA3463421A0AB3AC00588DC5 /* KegCopTests.m */ = {isa = PBXFileReference; lastKnownFileType = sourcecode.c.objc; path = KegCopTests.m; sourceTree = "<group>"; };
		EA3AE8231AB5007B0083D0F0 /* AccountsDataModel.h */ = {isa = PBXFileReference; fileEncoding = 4; lastKnownFileType = sourcecode.c.h; name = AccountsDataModel.h; path = Classes/DataModel/AccountsDataModel.h; sourceTree = "<group>"; };
		EA3AE8241AB5007B0083D0F0 /* AccountsDataModel.m */ = {isa = PBXFileReference; fileEncoding = 4; lastKnownFileType = sourcecode.c.objc; name = AccountsDataModel.m; path = Classes/DataModel/AccountsDataModel.m; sourceTree = "<group>"; };
		EA3AE8261AB620090083D0F0 /* TODO */ = {isa = PBXFileReference; fileEncoding = 4; lastKnownFileType = text; path = TODO; sourceTree = SOURCE_ROOT; };
		EA3AE8291AB63E610083D0F0 /* HomeBrewPoster1.jpg */ = {isa = PBXFileReference; lastKnownFileType = image.jpeg; path = HomeBrewPoster1.jpg; sourceTree = "<group>"; };
		EA56282817BAC39300E3725B /* KegCop.entitlements */ = {isa = PBXFileReference; fileEncoding = 4; lastKnownFileType = text.xml; path = KegCop.entitlements; sourceTree = "<group>"; };
		EA56282A17BAC48C00E3725B /* KegCop-Prefix.pch */ = {isa = PBXFileReference; fileEncoding = 4; lastKnownFileType = sourcecode.c.h; path = "KegCop-Prefix.pch"; sourceTree = "<group>"; };
		EA9601FF189C48BF00068808 /* BLEDevice.h */ = {isa = PBXFileReference; fileEncoding = 4; lastKnownFileType = sourcecode.c.h; name = BLEDevice.h; path = Bluno/BLEDevice.h; sourceTree = "<group>"; };
		EA960200189C48BF00068808 /* BLEDevice.m */ = {isa = PBXFileReference; fileEncoding = 4; lastKnownFileType = sourcecode.c.objc; name = BLEDevice.m; path = Bluno/BLEDevice.m; sourceTree = "<group>"; };
		EA960202189C4A3500068808 /* BLEUtility.h */ = {isa = PBXFileReference; fileEncoding = 4; lastKnownFileType = sourcecode.c.h; name = BLEUtility.h; path = Bluno/BLEUtility.h; sourceTree = "<group>"; };
		EA960203189C4A3500068808 /* BLEUtility.m */ = {isa = PBXFileReference; fileEncoding = 4; lastKnownFileType = sourcecode.c.objc; name = BLEUtility.m; path = Bluno/BLEUtility.m; sourceTree = "<group>"; };
		EA986A011AB9FDEF00025B0D /* Default-568h@2x.png */ = {isa = PBXFileReference; lastKnownFileType = image.png; path = "Default-568h@2x.png"; sourceTree = "<group>"; };
		EA9D25E81767A24E00B277ED /* flow_at_symbol.png */ = {isa = PBXFileReference; lastKnownFileType = image.png; path = flow_at_symbol.png; sourceTree = "<group>"; };
		EA9D25E91767A24E00B277ED /* flow_background.png */ = {isa = PBXFileReference; lastKnownFileType = image.png; path = flow_background.png; sourceTree = "<group>"; };
		EA9D25EA1767A24E00B277ED /* flow_fill.png */ = {isa = PBXFileReference; lastKnownFileType = image.png; path = flow_fill.png; sourceTree = "<group>"; };
		EA9D25EB1767A24E00B277ED /* flow_foreground.png */ = {isa = PBXFileReference; lastKnownFileType = image.png; path = flow_foreground.png; sourceTree = "<group>"; };
		EA9D25EC1767A24E00B277ED /* flow_needle.png */ = {isa = PBXFileReference; lastKnownFileType = image.png; path = flow_needle.png; sourceTree = "<group>"; };
		EA9D25ED1767A24E00B277ED /* flow_shadow.png */ = {isa = PBXFileReference; lastKnownFileType = image.png; path = flow_shadow.png; sourceTree = "<group>"; };
		EA9D260D1767A24E00B277ED /* scratchpad.txt */ = {isa = PBXFileReference; fileEncoding = 4; lastKnownFileType = text; path = scratchpad.txt; sourceTree = "<group>"; };
		EA9D260F1767A24E00B277ED /* Glass.aiff */ = {isa = PBXFileReference; lastKnownFileType = audio.aiff; path = Glass.aiff; sourceTree = "<group>"; };
		EA9D26421767B7F000B277ED /* BUGS */ = {isa = PBXFileReference; lastKnownFileType = text; path = BUGS; sourceTree = SOURCE_ROOT; };
		EA9D26431767B7F000B277ED /* CHANGES */ = {isa = PBXFileReference; lastKnownFileType = text; path = CHANGES; sourceTree = SOURCE_ROOT; };
		EA9D26441767B7F000B277ED /* CREDITS */ = {isa = PBXFileReference; lastKnownFileType = text; path = CREDITS; sourceTree = SOURCE_ROOT; };
		EA9D26451767B7F000B277ED /* LICENSE.txt */ = {isa = PBXFileReference; lastKnownFileType = text; path = LICENSE.txt; sourceTree = SOURCE_ROOT; };
		EA9D26461767B7F000B277ED /* README.md */ = {isa = PBXFileReference; lastKnownFileType = text; path = README.md; sourceTree = SOURCE_ROOT; };
		EA9FF12C1A00B15800B7897A /* AVFoundation.framework */ = {isa = PBXFileReference; lastKnownFileType = wrapper.framework; name = AVFoundation.framework; path = System/Library/Frameworks/AVFoundation.framework; sourceTree = SDKROOT; };
		EA9FF12E1A00B19200B7897A /* CoreMedia.framework */ = {isa = PBXFileReference; lastKnownFileType = wrapper.framework; name = CoreMedia.framework; path = System/Library/Frameworks/CoreMedia.framework; sourceTree = SDKROOT; };
		EA9FF1301A00B19D00B7897A /* CoreVideo.framework */ = {isa = PBXFileReference; lastKnownFileType = wrapper.framework; name = CoreVideo.framework; path = System/Library/Frameworks/CoreVideo.framework; sourceTree = SDKROOT; };
		EAA33D751588612600826A02 /* KegCopTests-Info.plist */ = {isa = PBXFileReference; lastKnownFileType = text.plist.xml; path = "KegCopTests-Info.plist"; sourceTree = "<group>"; };
		EAA33D771588612600826A02 /* en */ = {isa = PBXFileReference; lastKnownFileType = text.plist.strings; name = en; path = en.lproj/InfoPlist.strings; sourceTree = "<group>"; };
		EAA33D791588612600826A02 /* KegCopTests.h */ = {isa = PBXFileReference; lastKnownFileType = sourcecode.c.h; path = KegCopTests.h; sourceTree = "<group>"; };
		EAA33D7A1588612600826A02 /* KegCopTests.m */ = {isa = PBXFileReference; lastKnownFileType = sourcecode.c.objc; path = KegCopTests.m; sourceTree = "<group>"; };
		EAA33D7C1588612600826A02 /* KegCopTests-Prefix.pch */ = {isa = PBXFileReference; lastKnownFileType = sourcecode.c.h; path = "KegCopTests-Prefix.pch"; sourceTree = "<group>"; };
		EAA33D831588AA9100826A02 /* SenTestingKit.framework */ = {isa = PBXFileReference; lastKnownFileType = wrapper.framework; name = SenTestingKit.framework; path = Library/Frameworks/SenTestingKit.framework; sourceTree = DEVELOPER_DIR; };
		EAA51B131598385B00D0D777 /* AudioToolbox.framework */ = {isa = PBXFileReference; lastKnownFileType = wrapper.framework; name = AudioToolbox.framework; path = System/Library/Frameworks/AudioToolbox.framework; sourceTree = SDKROOT; };
		EAB120761756E709003035C3 /* QuartzCore.framework */ = {isa = PBXFileReference; lastKnownFileType = wrapper.framework; name = QuartzCore.framework; path = System/Library/Frameworks/QuartzCore.framework; sourceTree = SDKROOT; };
		EAB453AD1755519C00F6DA69 /* Serial.h */ = {isa = PBXFileReference; fileEncoding = 4; lastKnownFileType = sourcecode.c.h; name = Serial.h; path = Processing/Serial.h; sourceTree = "<group>"; };
		EAB453AE1755528E00F6DA69 /* Serial.c */ = {isa = PBXFileReference; fileEncoding = 4; lastKnownFileType = sourcecode.c.c; name = Serial.c; path = Processing/Serial.c; sourceTree = "<group>"; };
		EAB453B01755533500F6DA69 /* crc16ccitt.h */ = {isa = PBXFileReference; fileEncoding = 4; lastKnownFileType = sourcecode.c.h; name = crc16ccitt.h; path = Processing/crc16ccitt.h; sourceTree = "<group>"; };
		EAB453B1175553C800F6DA69 /* crc16ccitt.c */ = {isa = PBXFileReference; fileEncoding = 4; lastKnownFileType = sourcecode.c.c; name = crc16ccitt.c; path = Processing/crc16ccitt.c; sourceTree = "<group>"; };
		EAB453B3175554BF00F6DA69 /* KBKegProcessing.h */ = {isa = PBXFileReference; fileEncoding = 4; lastKnownFileType = sourcecode.c.h; name = KBKegProcessing.h; path = Processing/KBKegProcessing.h; sourceTree = "<group>"; };
		EAB453B4175554BF00F6DA69 /* KBKegProcessing.m */ = {isa = PBXFileReference; fileEncoding = 4; lastKnownFileType = sourcecode.c.objc; name = KBKegProcessing.m; path = Processing/KBKegProcessing.m; sourceTree = "<group>"; };
		EAB453B61755552700F6DA69 /* KBKegboard.h */ = {isa = PBXFileReference; fileEncoding = 4; lastKnownFileType = sourcecode.c.h; name = KBKegboard.h; path = Processing/KBKegboard.h; sourceTree = "<group>"; };
		EAB453B71755552700F6DA69 /* KBKegboard.m */ = {isa = PBXFileReference; fileEncoding = 4; lastKnownFileType = sourcecode.c.objc; name = KBKegboard.m; path = Processing/KBKegboard.m; sourceTree = "<group>"; };
		EAB453B9175555B600F6DA69 /* KBKegboardMessage.h */ = {isa = PBXFileReference; fileEncoding = 4; lastKnownFileType = sourcecode.c.h; name = KBKegboardMessage.h; path = Processing/KBKegboardMessage.h; sourceTree = "<group>"; };
		EAB453BA175555B600F6DA69 /* KBKegboardMessage.m */ = {isa = PBXFileReference; fileEncoding = 4; lastKnownFileType = sourcecode.c.objc; name = KBKegboardMessage.m; path = Processing/KBKegboardMessage.m; sourceTree = "<group>"; };
		EABE1D751581CB1E00FF9FA0 /* Security.framework */ = {isa = PBXFileReference; lastKnownFileType = wrapper.framework; name = Security.framework; path = System/Library/Frameworks/Security.framework; sourceTree = SDKROOT; };
		EAC2D8D81AAFB86D0075EAB0 /* Account.h */ = {isa = PBXFileReference; fileEncoding = 4; lastKnownFileType = sourcecode.c.h; name = Account.h; path = Classes/DataModel/Account.h; sourceTree = "<group>"; };
		EAC2D8D91AAFB86D0075EAB0 /* Account.m */ = {isa = PBXFileReference; fileEncoding = 4; lastKnownFileType = sourcecode.c.objc; name = Account.m; path = Classes/DataModel/Account.m; sourceTree = "<group>"; };
		EAC2D8DA1AAFB86D0075EAB0 /* AccountBase.h */ = {isa = PBXFileReference; fileEncoding = 4; lastKnownFileType = sourcecode.c.h; name = AccountBase.h; path = Classes/DataModel/AccountBase.h; sourceTree = "<group>"; };
		EAC2D8DB1AAFB86D0075EAB0 /* AccountBase.m */ = {isa = PBXFileReference; fileEncoding = 4; lastKnownFileType = sourcecode.c.objc; name = AccountBase.m; path = Classes/DataModel/AccountBase.m; sourceTree = "<group>"; };
		EAC2D8DC1AAFB86D0075EAB0 /* AppDelegate.h */ = {isa = PBXFileReference; fileEncoding = 4; lastKnownFileType = sourcecode.c.h; path = AppDelegate.h; sourceTree = "<group>"; };
		EAC2D8DD1AAFB86D0075EAB0 /* AppDelegate.m */ = {isa = PBXFileReference; fileEncoding = 4; lastKnownFileType = sourcecode.c.objc; path = AppDelegate.m; sourceTree = "<group>"; };
		EAC2D8E31AAFB86D0075EAB0 /* HUMAddEventViewController.h */ = {isa = PBXFileReference; fileEncoding = 4; lastKnownFileType = sourcecode.c.h; path = HUMAddEventViewController.h; sourceTree = "<group>"; };
		EAC2D8E41AAFB86D0075EAB0 /* HUMAddEventViewController.m */ = {isa = PBXFileReference; fileEncoding = 4; lastKnownFileType = sourcecode.c.objc; path = HUMAddEventViewController.m; sourceTree = "<group>"; };
		EAC2D8E51AAFB86D0075EAB0 /* HUMConfirmationViewController.h */ = {isa = PBXFileReference; fileEncoding = 4; lastKnownFileType = sourcecode.c.h; path = HUMConfirmationViewController.h; sourceTree = "<group>"; };
		EAC2D8E61AAFB86D0075EAB0 /* HUMConfirmationViewController.m */ = {isa = PBXFileReference; fileEncoding = 4; lastKnownFileType = sourcecode.c.objc; path = HUMConfirmationViewController.m; sourceTree = "<group>"; };
		EAC2D8E71AAFB86D0075EAB0 /* HUMMapViewController.h */ = {isa = PBXFileReference; fileEncoding = 4; lastKnownFileType = sourcecode.c.h; path = HUMMapViewController.h; sourceTree = "<group>"; };
		EAC2D8E81AAFB86D0075EAB0 /* HUMMapViewController.m */ = {isa = PBXFileReference; fileEncoding = 4; lastKnownFileType = sourcecode.c.objc; path = HUMMapViewController.m; sourceTree = "<group>"; };
		EAC2D8E91AAFB86D0075EAB0 /* returnToRootHome.h */ = {isa = PBXFileReference; fileEncoding = 4; lastKnownFileType = sourcecode.c.h; path = returnToRootHome.h; sourceTree = "<group>"; };
		EAC2D8EA1AAFB86D0075EAB0 /* ViewControllerAbout.h */ = {isa = PBXFileReference; fileEncoding = 4; lastKnownFileType = sourcecode.c.h; path = ViewControllerAbout.h; sourceTree = "<group>"; };
		EAC2D8EB1AAFB86D0075EAB0 /* ViewControllerAbout.m */ = {isa = PBXFileReference; fileEncoding = 4; lastKnownFileType = sourcecode.c.objc; path = ViewControllerAbout.m; sourceTree = "<group>"; };
		EAC2D8ED1AAFB86D0075EAB0 /* ViewControllerAvatar2.h */ = {isa = PBXFileReference; fileEncoding = 4; lastKnownFileType = sourcecode.c.h; path = ViewControllerAvatar2.h; sourceTree = "<group>"; };
		EAC2D8EE1AAFB86D0075EAB0 /* ViewControllerAvatar2.m */ = {isa = PBXFileReference; fileEncoding = 4; lastKnownFileType = sourcecode.c.objc; path = ViewControllerAvatar2.m; sourceTree = "<group>"; };
		EAC2D8EF1AAFB86D0075EAB0 /* ViewControllerAvatar3.h */ = {isa = PBXFileReference; fileEncoding = 4; lastKnownFileType = sourcecode.c.h; path = ViewControllerAvatar3.h; sourceTree = "<group>"; };
		EAC2D8F01AAFB86D0075EAB0 /* ViewControllerAvatar3.m */ = {isa = PBXFileReference; fileEncoding = 4; lastKnownFileType = sourcecode.c.objc; path = ViewControllerAvatar3.m; sourceTree = "<group>"; };
		EAC2D8F11AAFB86D0075EAB0 /* ViewControllerCheckFlow.h */ = {isa = PBXFileReference; fileEncoding = 4; lastKnownFileType = sourcecode.c.h; path = ViewControllerCheckFlow.h; sourceTree = "<group>"; };
		EAC2D8F21AAFB86D0075EAB0 /* ViewControllerCheckFlow.m */ = {isa = PBXFileReference; fileEncoding = 4; lastKnownFileType = sourcecode.c.objc; path = ViewControllerCheckFlow.m; sourceTree = "<group>"; };
		EAC2D8F31AAFB86D0075EAB0 /* ViewControllerCreate.h */ = {isa = PBXFileReference; fileEncoding = 4; lastKnownFileType = sourcecode.c.h; path = ViewControllerCreate.h; sourceTree = "<group>"; };
		EAC2D8F41AAFB86D0075EAB0 /* ViewControllerCreate.m */ = {isa = PBXFileReference; fileEncoding = 4; lastKnownFileType = sourcecode.c.objc; path = ViewControllerCreate.m; sourceTree = "<group>"; };
		EAC2D8F51AAFB86D0075EAB0 /* ViewControllerDev.h */ = {isa = PBXFileReference; fileEncoding = 4; lastKnownFileType = sourcecode.c.h; path = ViewControllerDev.h; sourceTree = "<group>"; };
		EAC2D8F61AAFB86D0075EAB0 /* ViewControllerDev.m */ = {isa = PBXFileReference; fileEncoding = 4; lastKnownFileType = sourcecode.c.objc; path = ViewControllerDev.m; sourceTree = "<group>"; };
		EAC2D8F71AAFB86D0075EAB0 /* ViewControllerForgot.h */ = {isa = PBXFileReference; fileEncoding = 4; lastKnownFileType = sourcecode.c.h; path = ViewControllerForgot.h; sourceTree = "<group>"; };
		EAC2D8F81AAFB86D0075EAB0 /* ViewControllerForgot.m */ = {isa = PBXFileReference; fileEncoding = 4; lastKnownFileType = sourcecode.c.objc; path = ViewControllerForgot.m; sourceTree = "<group>"; };
		EAC2D8F91AAFB86D0075EAB0 /* ViewControllerHome.h */ = {isa = PBXFileReference; fileEncoding = 4; lastKnownFileType = sourcecode.c.h; path = ViewControllerHome.h; sourceTree = "<group>"; };
		EAC2D8FA1AAFB86D0075EAB0 /* ViewControllerHome.m */ = {isa = PBXFileReference; fileEncoding = 4; lastKnownFileType = sourcecode.c.objc; path = ViewControllerHome.m; sourceTree = "<group>"; };
		EAC2D8FB1AAFB86D0075EAB0 /* ViewControllerLogs.h */ = {isa = PBXFileReference; fileEncoding = 4; lastKnownFileType = sourcecode.c.h; path = ViewControllerLogs.h; sourceTree = "<group>"; };
		EAC2D8FC1AAFB86D0075EAB0 /* ViewControllerLogs.m */ = {isa = PBXFileReference; fileEncoding = 4; lastKnownFileType = sourcecode.c.objc; path = ViewControllerLogs.m; sourceTree = "<group>"; };
		EAC2D8FD1AAFB86D0075EAB0 /* ViewControllerPour.h */ = {isa = PBXFileReference; fileEncoding = 4; lastKnownFileType = sourcecode.c.h; path = ViewControllerPour.h; sourceTree = "<group>"; };
		EAC2D8FE1AAFB86D0075EAB0 /* ViewControllerPour.m */ = {isa = PBXFileReference; fileEncoding = 4; lastKnownFileType = sourcecode.c.objc; path = ViewControllerPour.m; sourceTree = "<group>"; };
		EAC2D8FF1AAFB86D0075EAB0 /* ViewControllerPurchase.h */ = {isa = PBXFileReference; fileEncoding = 4; lastKnownFileType = sourcecode.c.h; path = ViewControllerPurchase.h; sourceTree = "<group>"; };
		EAC2D9001AAFB86D0075EAB0 /* ViewControllerPurchase.m */ = {isa = PBXFileReference; fileEncoding = 4; lastKnownFileType = sourcecode.c.objc; path = ViewControllerPurchase.m; sourceTree = "<group>"; };
		EAC2D9011AAFB86D0075EAB0 /* ViewControllerRootHome.h */ = {isa = PBXFileReference; fileEncoding = 4; lastKnownFileType = sourcecode.c.h; path = ViewControllerRootHome.h; sourceTree = "<group>"; };
		EAC2D9021AAFB86D0075EAB0 /* ViewControllerRootHome.m */ = {isa = PBXFileReference; fileEncoding = 4; lastKnownFileType = sourcecode.c.objc; path = ViewControllerRootHome.m; sourceTree = "<group>"; };
		EAC2D9031AAFB86D0075EAB0 /* ViewControllerRootHomeCenter.h */ = {isa = PBXFileReference; fileEncoding = 4; lastKnownFileType = sourcecode.c.h; path = ViewControllerRootHomeCenter.h; sourceTree = "<group>"; };
		EAC2D9041AAFB86D0075EAB0 /* ViewControllerRootHomeCenter.m */ = {isa = PBXFileReference; fileEncoding = 4; lastKnownFileType = sourcecode.c.objc; path = ViewControllerRootHomeCenter.m; sourceTree = "<group>"; };
		EAC2D9051AAFB86D0075EAB0 /* ViewControllerRootHomeLeftPanel.h */ = {isa = PBXFileReference; fileEncoding = 4; lastKnownFileType = sourcecode.c.h; path = ViewControllerRootHomeLeftPanel.h; sourceTree = "<group>"; };
		EAC2D9061AAFB86D0075EAB0 /* ViewControllerRootHomeLeftPanel.m */ = {isa = PBXFileReference; fileEncoding = 4; lastKnownFileType = sourcecode.c.objc; path = ViewControllerRootHomeLeftPanel.m; sourceTree = "<group>"; };
		EAC2D9071AAFB86D0075EAB0 /* ViewControllerSerialConsole.h */ = {isa = PBXFileReference; fileEncoding = 4; lastKnownFileType = sourcecode.c.h; path = ViewControllerSerialConsole.h; sourceTree = "<group>"; };
		EAC2D9081AAFB86D0075EAB0 /* ViewControllerSerialConsole.m */ = {isa = PBXFileReference; fileEncoding = 4; lastKnownFileType = sourcecode.c.objc; path = ViewControllerSerialConsole.m; sourceTree = "<group>"; };
		EAC2D90A1AAFB86D0075EAB0 /* ViewControllerUsers.h */ = {isa = PBXFileReference; fileEncoding = 4; lastKnownFileType = sourcecode.c.h; path = ViewControllerUsers.h; sourceTree = "<group>"; };
		EAC2D90B1AAFB86D0075EAB0 /* ViewControllerUsers.m */ = {isa = PBXFileReference; fileEncoding = 4; lastKnownFileType = sourcecode.c.objc; path = ViewControllerUsers.m; sourceTree = "<group>"; };
		EAC2D90C1AAFB86D0075EAB0 /* ViewControllerWebView.h */ = {isa = PBXFileReference; fileEncoding = 4; lastKnownFileType = sourcecode.c.h; path = ViewControllerWebView.h; sourceTree = "<group>"; };
		EAC2D90D1AAFB86D0075EAB0 /* ViewControllerWebView.m */ = {isa = PBXFileReference; fileEncoding = 4; lastKnownFileType = sourcecode.c.objc; path = ViewControllerWebView.m; sourceTree = "<group>"; };
		EAC2D90E1AAFB86D0075EAB0 /* ViewControllerWelcome.h */ = {isa = PBXFileReference; fileEncoding = 4; lastKnownFileType = sourcecode.c.h; path = ViewControllerWelcome.h; sourceTree = "<group>"; };
		EAC2D90F1AAFB86D0075EAB0 /* ViewControllerWelcome.m */ = {isa = PBXFileReference; fileEncoding = 4; lastKnownFileType = sourcecode.c.objc; path = ViewControllerWelcome.m; sourceTree = "<group>"; };
		EAC2D9101AAFB86D0075EAB0 /* DFBlunoDevice.h */ = {isa = PBXFileReference; fileEncoding = 4; lastKnownFileType = sourcecode.c.h; name = DFBlunoDevice.h; path = Bluno/DFBlunoDevice.h; sourceTree = "<group>"; };
		EAC2D9111AAFB86D0075EAB0 /* DFBlunoDevice.m */ = {isa = PBXFileReference; fileEncoding = 4; lastKnownFileType = sourcecode.c.objc; name = DFBlunoDevice.m; path = Bluno/DFBlunoDevice.m; sourceTree = "<group>"; };
		EAC2D9121AAFB86D0075EAB0 /* DFBlunoManager.h */ = {isa = PBXFileReference; fileEncoding = 4; lastKnownFileType = sourcecode.c.h; name = DFBlunoManager.h; path = Bluno/DFBlunoManager.h; sourceTree = "<group>"; };
		EAC2D9131AAFB86D0075EAB0 /* DFBlunoManager.m */ = {isa = PBXFileReference; fileEncoding = 4; lastKnownFileType = sourcecode.c.objc; name = DFBlunoManager.m; path = Bluno/DFBlunoManager.m; sourceTree = "<group>"; };
		EAC2D9171AAFB86D0075EAB0 /* en */ = {isa = PBXFileReference; lastKnownFileType = file.storyboard; name = en; path = en.lproj/iPhone.storyboard; sourceTree = "<group>"; };
		EAC2D9181AAFB86D0075EAB0 /* gen_entitlements.py */ = {isa = PBXFileReference; fileEncoding = 4; lastKnownFileType = text.script.python; path = gen_entitlements.py; sourceTree = "<group>"; };
		EAC2D9191AAFB86D0075EAB0 /* JailbrokenSerial.h */ = {isa = PBXFileReference; fileEncoding = 4; lastKnownFileType = sourcecode.c.h; name = JailbrokenSerial.h; path = Processing/JailbrokenSerial.h; sourceTree = "<group>"; };
		EAC2D91A1AAFB86D0075EAB0 /* JailbrokenSerial.m */ = {isa = PBXFileReference; fileEncoding = 4; lastKnownFileType = sourcecode.c.objc; name = JailbrokenSerial.m; path = Processing/JailbrokenSerial.m; sourceTree = "<group>"; };
		EAC2D91B1AAFB86D0075EAB0 /* KegCop-Bridging-Header.h */ = {isa = PBXFileReference; fileEncoding = 4; lastKnownFileType = sourcecode.c.h; path = "KegCop-Bridging-Header.h"; sourceTree = "<group>"; };
		EAC2D91C1AAFB86D0075EAB0 /* main.m */ = {isa = PBXFileReference; fileEncoding = 4; lastKnownFileType = sourcecode.c.objc; path = main.m; sourceTree = "<group>"; };
		EAC2D91E1AAFB86D0075EAB0 /* ModelWelcome.h */ = {isa = PBXFileReference; fileEncoding = 4; lastKnownFileType = sourcecode.c.h; path = ModelWelcome.h; sourceTree = "<group>"; };
		EAC2D91F1AAFB86D0075EAB0 /* ModelWelcome.m */ = {isa = PBXFileReference; fileEncoding = 4; lastKnownFileType = sourcecode.c.objc; path = ModelWelcome.m; sourceTree = "<group>"; };
		EAC2D9201AAFB86D0075EAB0 /* NSData+AES256.h */ = {isa = PBXFileReference; fileEncoding = 4; lastKnownFileType = sourcecode.c.h; path = "NSData+AES256.h"; sourceTree = "<group>"; };
		EAC2D9211AAFB86D0075EAB0 /* NSData+AES256.m */ = {isa = PBXFileReference; fileEncoding = 4; lastKnownFileType = sourcecode.c.objc; path = "NSData+AES256.m"; sourceTree = "<group>"; };
		EAC2D9311AAFB86D0075EAB0 /* SERVICES.h */ = {isa = PBXFileReference; fileEncoding = 4; lastKnownFileType = sourcecode.c.h; name = SERVICES.h; path = Bluno/SERVICES.h; sourceTree = "<group>"; };
		EAC2D9321AAFB86D0075EAB0 /* ViewControllerDev2.h */ = {isa = PBXFileReference; fileEncoding = 4; lastKnownFileType = sourcecode.c.h; path = ViewControllerDev2.h; sourceTree = "<group>"; };
		EAC2D9331AAFB86D0075EAB0 /* ViewControllerDev2.m */ = {isa = PBXFileReference; fileEncoding = 4; lastKnownFileType = sourcecode.c.objc; path = ViewControllerDev2.m; sourceTree = "<group>"; };
		EAC2D9341AAFB86D0075EAB0 /* ViewControllerDev3.h */ = {isa = PBXFileReference; fileEncoding = 4; lastKnownFileType = sourcecode.c.h; path = ViewControllerDev3.h; sourceTree = "<group>"; };
		EAC2D9351AAFB86D0075EAB0 /* ViewControllerDev3.m */ = {isa = PBXFileReference; fileEncoding = 4; lastKnownFileType = sourcecode.c.objc; path = ViewControllerDev3.m; sourceTree = "<group>"; };
		EAC2D9361AAFB86D0075EAB0 /* ViewControllerDev4.h */ = {isa = PBXFileReference; fileEncoding = 4; lastKnownFileType = sourcecode.c.h; path = ViewControllerDev4.h; sourceTree = "<group>"; };
		EAC2D9371AAFB86D0075EAB0 /* ViewControllerDev4.m */ = {isa = PBXFileReference; fileEncoding = 4; lastKnownFileType = sourcecode.c.objc; path = ViewControllerDev4.m; sourceTree = "<group>"; };
		EAC2D9391AAFB86D0075EAB0 /* CenterViewController.xib */ = {isa = PBXFileReference; fileEncoding = 4; lastKnownFileType = file.xib; path = CenterViewController.xib; sourceTree = "<group>"; };
		EAC2D93A1AAFB86D0075EAB0 /* KBFlowIndicator.h */ = {isa = PBXFileReference; fileEncoding = 4; lastKnownFileType = sourcecode.c.h; path = KBFlowIndicator.h; sourceTree = "<group>"; };
		EAC2D93B1AAFB86D0075EAB0 /* KBFlowIndicator.m */ = {isa = PBXFileReference; fileEncoding = 4; lastKnownFileType = sourcecode.c.objc; path = KBFlowIndicator.m; sourceTree = "<group>"; };
		EAC2D93C1AAFB86D0075EAB0 /* LeftPanelViewController.xib */ = {isa = PBXFileReference; fileEncoding = 4; lastKnownFileType = file.xib; path = LeftPanelViewController.xib; sourceTree = "<group>"; };
		EACD704C177A4EE800A13B91 /* Accounts.xcdatamodel */ = {isa = PBXFileReference; lastKnownFileType = wrapper.xcdatamodel; path = Accounts.xcdatamodel; sourceTree = "<group>"; };
		EADB6DA9187A922800A0A8D2 /* CoreBluetooth.framework */ = {isa = PBXFileReference; lastKnownFileType = wrapper.framework; name = CoreBluetooth.framework; path = System/Library/Frameworks/CoreBluetooth.framework; sourceTree = SDKROOT; };
		EAE2C09518729D5C00DC3F02 /* Default-568@2x.png */ = {isa = PBXFileReference; lastKnownFileType = image.png; path = "Default-568@2x.png"; sourceTree = "<group>"; };
		EAE2C0D718788D2200DC3F02 /* icon_V2_60x60.png */ = {isa = PBXFileReference; lastKnownFileType = image.png; path = icon_V2_60x60.png; sourceTree = "<group>"; };
		EAE2C0D818788D2200DC3F02 /* icon_V2_120x120.png */ = {isa = PBXFileReference; lastKnownFileType = image.png; path = icon_V2_120x120.png; sourceTree = "<group>"; };
		EAEC80A41AB4B051004EFD58 /* KCModalPickerView.m */ = {isa = PBXFileReference; fileEncoding = 4; lastKnownFileType = sourcecode.c.objc; path = KCModalPickerView.m; sourceTree = "<group>"; };
		EAEC80A61AB4B0D4004EFD58 /* KCModalPickerView.h */ = {isa = PBXFileReference; fileEncoding = 4; lastKnownFileType = sourcecode.c.h; path = KCModalPickerView.h; sourceTree = "<group>"; };
		EAEEBF951A17CFE100E9C489 /* hamburger-menu-42x.png */ = {isa = PBXFileReference; lastKnownFileType = image.png; path = "hamburger-menu-42x.png"; sourceTree = "<group>"; };
		EAEFEE8F157B296B00C666D5 /* KegCop.app */ = {isa = PBXFileReference; explicitFileType = wrapper.application; includeInIndex = 0; path = KegCop.app; sourceTree = BUILT_PRODUCTS_DIR; };
		EAEFEE93157B296B00C666D5 /* UIKit.framework */ = {isa = PBXFileReference; lastKnownFileType = wrapper.framework; name = UIKit.framework; path = System/Library/Frameworks/UIKit.framework; sourceTree = SDKROOT; };
		EAEFEE95157B296B00C666D5 /* Foundation.framework */ = {isa = PBXFileReference; lastKnownFileType = wrapper.framework; name = Foundation.framework; path = System/Library/Frameworks/Foundation.framework; sourceTree = SDKROOT; };
		EAEFEE97157B296B00C666D5 /* CoreGraphics.framework */ = {isa = PBXFileReference; lastKnownFileType = wrapper.framework; name = CoreGraphics.framework; path = System/Library/Frameworks/CoreGraphics.framework; sourceTree = SDKROOT; };
		EAEFEE9D157B296B00C666D5 /* en */ = {isa = PBXFileReference; lastKnownFileType = text.plist.strings; name = en; path = en.lproj/InfoPlist.strings; sourceTree = "<group>"; };
		F85637C58D0B30CD1F406793 /* Pods-KegCopTests.release.xcconfig */ = {isa = PBXFileReference; includeInIndex = 1; lastKnownFileType = text.xcconfig; name = "Pods-KegCopTests.release.xcconfig"; path = "Pods/Target Support Files/Pods-KegCopTests/Pods-KegCopTests.release.xcconfig"; sourceTree = "<group>"; };
		FEAF2D287464FFFCA939CFE1 /* Pods-KegCopTests.debug.xcconfig */ = {isa = PBXFileReference; includeInIndex = 1; lastKnownFileType = text.xcconfig; name = "Pods-KegCopTests.debug.xcconfig"; path = "Pods/Target Support Files/Pods-KegCopTests/Pods-KegCopTests.debug.xcconfig"; sourceTree = "<group>"; };
/* End PBXFileReference section */

/* Begin PBXFrameworksBuildPhase section */
		EA34633B1A0AB3AC00588DC5 /* Frameworks */ = {
			isa = PBXFrameworksBuildPhase;
			buildActionMask = 2147483647;
			files = (
				E52E849B1C392B67330A801F /* libPods-KegCopTests.a in Frameworks */,
			);
			runOnlyForDeploymentPostprocessing = 0;
		};
		EAEFEE8C157B296B00C666D5 /* Frameworks */ = {
			isa = PBXFrameworksBuildPhase;
			buildActionMask = 2147483647;
			files = (
				EA022CDD1A0ABAE900CE6B3C /* MapKit.framework in Frameworks */,
				EAA51B141598385B00D0D777 /* AudioToolbox.framework in Frameworks */,
				EAEFEE96157B296B00C666D5 /* Foundation.framework in Frameworks */,
				EAEFEE94157B296B00C666D5 /* UIKit.framework in Frameworks */,
				EA9FF12D1A00B15800B7897A /* AVFoundation.framework in Frameworks */,
				EAEFEE98157B296B00C666D5 /* CoreGraphics.framework in Frameworks */,
				EA9FF1311A00B19D00B7897A /* CoreVideo.framework in Frameworks */,
				EA9FF12F1A00B19200B7897A /* CoreMedia.framework in Frameworks */,
				EAB120771756E709003035C3 /* QuartzCore.framework in Frameworks */,
				EADB6DAA187A922800A0A8D2 /* CoreBluetooth.framework in Frameworks */,
				EABE1D761581CB1E00FF9FA0 /* Security.framework in Frameworks */,
				EA1E87B2157C999A002C945B /* CoreData.framework in Frameworks */,
				5D1D3CDD3A3E40E789538892 /* libPods.a in Frameworks */,
			);
			runOnlyForDeploymentPostprocessing = 0;
		};
/* End PBXFrameworksBuildPhase section */

/* Begin PBXGroup section */
		2C6BCE9853FEDCFB2F2C44BD /* Pods */ = {
			isa = PBXGroup;
			children = (
				C1317D6D5FB97FE0337AA7E1 /* Pods.debug.xcconfig */,
				16C5175EAEC3CBA524390977 /* Pods.release.xcconfig */,
				FEAF2D287464FFFCA939CFE1 /* Pods-KegCopTests.debug.xcconfig */,
				F85637C58D0B30CD1F406793 /* Pods-KegCopTests.release.xcconfig */,
			);
			name = Pods;
			sourceTree = "<group>";
		};
		EA34633F1A0AB3AC00588DC5 /* KegCopTests */ = {
			isa = PBXGroup;
			children = (
				EA3463421A0AB3AC00588DC5 /* KegCopTests.m */,
				EA3463401A0AB3AC00588DC5 /* Supporting Files */,
			);
			path = KegCopTests;
			sourceTree = "<group>";
		};
		EA3463401A0AB3AC00588DC5 /* Supporting Files */ = {
			isa = PBXGroup;
			children = (
				EA3463411A0AB3AC00588DC5 /* Info.plist */,
			);
			name = "Supporting Files";
			sourceTree = "<group>";
		};
		EA3AE8281AB63E610083D0F0 /* avatars */ = {
			isa = PBXGroup;
			children = (
				EA3AE8291AB63E610083D0F0 /* HomeBrewPoster1.jpg */,
			);
			path = avatars;
			sourceTree = "<group>";
		};
		EA4570351A046E78004DEEC4 /* DataModel */ = {
			isa = PBXGroup;
			children = (
				EAC2D8D81AAFB86D0075EAB0 /* Account.h */,
				EAC2D8D91AAFB86D0075EAB0 /* Account.m */,
				EAC2D8DA1AAFB86D0075EAB0 /* AccountBase.h */,
				EAC2D8DB1AAFB86D0075EAB0 /* AccountBase.m */,
				EA3AE8231AB5007B0083D0F0 /* AccountsDataModel.h */,
				EA3AE8241AB5007B0083D0F0 /* AccountsDataModel.m */,
				EACD704B177A4EE800A13B91 /* Accounts.xcdatamodeld */,
			);
			name = DataModel;
			path = ..;
			sourceTree = "<group>";
		};
		EA9601FD189C484D00068808 /* Bluno */ = {
			isa = PBXGroup;
			children = (
				EAC2D9311AAFB86D0075EAB0 /* SERVICES.h */,
				EAC2D9101AAFB86D0075EAB0 /* DFBlunoDevice.h */,
				EAC2D9111AAFB86D0075EAB0 /* DFBlunoDevice.m */,
				EAC2D9121AAFB86D0075EAB0 /* DFBlunoManager.h */,
				EAC2D9131AAFB86D0075EAB0 /* DFBlunoManager.m */,
				EA9601FF189C48BF00068808 /* BLEDevice.h */,
				EA960200189C48BF00068808 /* BLEDevice.m */,
				EA960202189C4A3500068808 /* BLEUtility.h */,
				EA960203189C4A3500068808 /* BLEUtility.m */,
			);
			name = Bluno;
			sourceTree = "<group>";
		};
		EA9D25DF1767A24E00B277ED /* Resources */ = {
			isa = PBXGroup;
			children = (
				EAC2D9181AAFB86D0075EAB0 /* gen_entitlements.py */,
				EA2611D017BAD29000023814 /* Info.plist */,
				EAEFEE9C157B296B00C666D5 /* InfoPlist.strings */,
				EA56282A17BAC48C00E3725B /* KegCop-Prefix.pch */,
				EA56282817BAC39300E3725B /* KegCop.entitlements */,
				EA9D26421767B7F000B277ED /* BUGS */,
				EA9D26431767B7F000B277ED /* CHANGES */,
				EA9D26441767B7F000B277ED /* CREDITS */,
				EA9D26451767B7F000B277ED /* LICENSE.txt */,
				EA9D26461767B7F000B277ED /* README.md */,
				EA3AE8261AB620090083D0F0 /* TODO */,
				EA9D260D1767A24E00B277ED /* scratchpad.txt */,
				EA9D25E11767A24E00B277ED /* pics */,
				EA9D260E1767A24E00B277ED /* sounds */,
			);
			path = Resources;
			sourceTree = "<group>";
		};
		EA9D25E11767A24E00B277ED /* pics */ = {
			isa = PBXGroup;
			children = (
				EA3AE8281AB63E610083D0F0 /* avatars */,
				EAE2C09518729D5C00DC3F02 /* Default-568@2x.png */,
				EA986A011AB9FDEF00025B0D /* Default-568h@2x.png */,
				EAEEBF951A17CFE100E9C489 /* hamburger-menu-42x.png */,
				EAE2C0D718788D2200DC3F02 /* icon_V2_60x60.png */,
				EAE2C0D818788D2200DC3F02 /* icon_V2_120x120.png */,
				EA2611E117BAF46700023814 /* Default.png */,
				EA2611E517BCA33100023814 /* Icon.png */,
				EA9D25E71767A24E00B277ED /* FlowMeter */,
			);
			path = pics;
			sourceTree = "<group>";
		};
		EA9D25E71767A24E00B277ED /* FlowMeter */ = {
			isa = PBXGroup;
			children = (
				EA9D25E81767A24E00B277ED /* flow_at_symbol.png */,
				EA9D25E91767A24E00B277ED /* flow_background.png */,
				EA9D25EA1767A24E00B277ED /* flow_fill.png */,
				EA9D25EB1767A24E00B277ED /* flow_foreground.png */,
				EA9D25EC1767A24E00B277ED /* flow_needle.png */,
				EA9D25ED1767A24E00B277ED /* flow_shadow.png */,
			);
			path = FlowMeter;
			sourceTree = "<group>";
		};
		EA9D260E1767A24E00B277ED /* sounds */ = {
			isa = PBXGroup;
			children = (
				EA9D260F1767A24E00B277ED /* Glass.aiff */,
			);
			path = sounds;
			sourceTree = "<group>";
		};
		EAA33D731588612600826A02 /* KegCopApplicationTests */ = {
			isa = PBXGroup;
			children = (
				EAA33D791588612600826A02 /* KegCopTests.h */,
				EAA33D7A1588612600826A02 /* KegCopTests.m */,
				EAA33D741588612600826A02 /* Supporting Files */,
				422CA688176B703A00C6C918 /* KBKegboardCommandTest.m */,
				422CA68F176D807D00C6C918 /* KBKegboardMessageTest.m */,
			);
			name = KegCopApplicationTests;
			path = KegCopTests;
			sourceTree = "<group>";
		};
		EAA33D741588612600826A02 /* Supporting Files */ = {
			isa = PBXGroup;
			children = (
				EAA33D751588612600826A02 /* KegCopTests-Info.plist */,
				EAA33D761588612600826A02 /* InfoPlist.strings */,
				EAA33D7C1588612600826A02 /* KegCopTests-Prefix.pch */,
			);
			name = "Supporting Files";
			sourceTree = "<group>";
		};
		EAB453AB1755516000F6DA69 /* Processing */ = {
			isa = PBXGroup;
			children = (
				EAC2D9191AAFB86D0075EAB0 /* JailbrokenSerial.h */,
				EAC2D91A1AAFB86D0075EAB0 /* JailbrokenSerial.m */,
				EAB453B61755552700F6DA69 /* KBKegboard.h */,
				EAB453B71755552700F6DA69 /* KBKegboard.m */,
				EAB453B3175554BF00F6DA69 /* KBKegProcessing.h */,
				EAB453B4175554BF00F6DA69 /* KBKegProcessing.m */,
				EAB453B9175555B600F6DA69 /* KBKegboardMessage.h */,
				EAB453BA175555B600F6DA69 /* KBKegboardMessage.m */,
				EAB453AD1755519C00F6DA69 /* Serial.h */,
				EAB453AE1755528E00F6DA69 /* Serial.c */,
				EAB453B01755533500F6DA69 /* crc16ccitt.h */,
				EAB453B1175553C800F6DA69 /* crc16ccitt.c */,
				422CA68A176B7D7800C6C918 /* KBKegboardCommand.h */,
				422CA68B176B7D7800C6C918 /* KBKegboardCommand.m */,
				422CA691176D85CD00C6C918 /* KBKegboardUtils.h */,
				422CA692176D85CE00C6C918 /* KBKegboardUtils.m */,
			);
			name = Processing;
			sourceTree = "<group>";
		};
		EAC2D8D71AAFB86D0075EAB0 /* Classes */ = {
			isa = PBXGroup;
			children = (
				EAEC80A61AB4B0D4004EFD58 /* KCModalPickerView.h */,
				EAEC80A41AB4B051004EFD58 /* KCModalPickerView.m */,
				EA4570351A046E78004DEEC4 /* DataModel */,
				EAC2D8DC1AAFB86D0075EAB0 /* AppDelegate.h */,
				EAC2D8DD1AAFB86D0075EAB0 /* AppDelegate.m */,
				EAC2D9201AAFB86D0075EAB0 /* NSData+AES256.h */,
				EAC2D9211AAFB86D0075EAB0 /* NSData+AES256.m */,
				EAC2D91B1AAFB86D0075EAB0 /* KegCop-Bridging-Header.h */,
				EAC2D91C1AAFB86D0075EAB0 /* main.m */,
				EA9601FD189C484D00068808 /* Bluno */,
				EAB453AB1755516000F6DA69 /* Processing */,
				EAC2D8E21AAFB86D0075EAB0 /* Controllers */,
				EAC2D91D1AAFB86D0075EAB0 /* Models */,
				EAC2D9381AAFB86D0075EAB0 /* Views */,
			);
			path = Classes;
			sourceTree = "<group>";
		};
		EAC2D8E21AAFB86D0075EAB0 /* Controllers */ = {
			isa = PBXGroup;
			children = (
				EAC2D90E1AAFB86D0075EAB0 /* ViewControllerWelcome.h */,
				EAC2D90F1AAFB86D0075EAB0 /* ViewControllerWelcome.m */,
				EAC2D8EA1AAFB86D0075EAB0 /* ViewControllerAbout.h */,
				EAC2D8EB1AAFB86D0075EAB0 /* ViewControllerAbout.m */,
				EAC2D8F31AAFB86D0075EAB0 /* ViewControllerCreate.h */,
				EAC2D8F41AAFB86D0075EAB0 /* ViewControllerCreate.m */,
				EAC2D8F91AAFB86D0075EAB0 /* ViewControllerHome.h */,
				EAC2D8FA1AAFB86D0075EAB0 /* ViewControllerHome.m */,
				EAC2D9321AAFB86D0075EAB0 /* ViewControllerDev2.h */,
				EAC2D9331AAFB86D0075EAB0 /* ViewControllerDev2.m */,
				EAC2D9341AAFB86D0075EAB0 /* ViewControllerDev3.h */,
				EAC2D9351AAFB86D0075EAB0 /* ViewControllerDev3.m */,
				EAC2D9361AAFB86D0075EAB0 /* ViewControllerDev4.h */,
				EAC2D9371AAFB86D0075EAB0 /* ViewControllerDev4.m */,
				EAC2D93A1AAFB86D0075EAB0 /* KBFlowIndicator.h */,
				EAC2D93B1AAFB86D0075EAB0 /* KBFlowIndicator.m */,
				EAC2D8E31AAFB86D0075EAB0 /* HUMAddEventViewController.h */,
				EAC2D8E41AAFB86D0075EAB0 /* HUMAddEventViewController.m */,
				EAC2D8E51AAFB86D0075EAB0 /* HUMConfirmationViewController.h */,
				EAC2D8E61AAFB86D0075EAB0 /* HUMConfirmationViewController.m */,
				EAC2D8E71AAFB86D0075EAB0 /* HUMMapViewController.h */,
				EAC2D8E81AAFB86D0075EAB0 /* HUMMapViewController.m */,
				EAC2D8ED1AAFB86D0075EAB0 /* ViewControllerAvatar2.h */,
				EAC2D8EE1AAFB86D0075EAB0 /* ViewControllerAvatar2.m */,
				EAC2D8EF1AAFB86D0075EAB0 /* ViewControllerAvatar3.h */,
				EAC2D8F01AAFB86D0075EAB0 /* ViewControllerAvatar3.m */,
				EAC2D8F11AAFB86D0075EAB0 /* ViewControllerCheckFlow.h */,
				EAC2D8F21AAFB86D0075EAB0 /* ViewControllerCheckFlow.m */,
				EAC2D8F51AAFB86D0075EAB0 /* ViewControllerDev.h */,
				EAC2D8F61AAFB86D0075EAB0 /* ViewControllerDev.m */,
				EAC2D8F71AAFB86D0075EAB0 /* ViewControllerForgot.h */,
				EAC2D8F81AAFB86D0075EAB0 /* ViewControllerForgot.m */,
				EAC2D8FB1AAFB86D0075EAB0 /* ViewControllerLogs.h */,
				EAC2D8FC1AAFB86D0075EAB0 /* ViewControllerLogs.m */,
				EAC2D8FD1AAFB86D0075EAB0 /* ViewControllerPour.h */,
				EAC2D8FE1AAFB86D0075EAB0 /* ViewControllerPour.m */,
				EAC2D8FF1AAFB86D0075EAB0 /* ViewControllerPurchase.h */,
				EAC2D9001AAFB86D0075EAB0 /* ViewControllerPurchase.m */,
				EAC2D9011AAFB86D0075EAB0 /* ViewControllerRootHome.h */,
				EAC2D9021AAFB86D0075EAB0 /* ViewControllerRootHome.m */,
				EAC2D9031AAFB86D0075EAB0 /* ViewControllerRootHomeCenter.h */,
				EAC2D9041AAFB86D0075EAB0 /* ViewControllerRootHomeCenter.m */,
				EAC2D9051AAFB86D0075EAB0 /* ViewControllerRootHomeLeftPanel.h */,
				EAC2D9061AAFB86D0075EAB0 /* ViewControllerRootHomeLeftPanel.m */,
				EAC2D8E91AAFB86D0075EAB0 /* returnToRootHome.h */,
				EAC2D9071AAFB86D0075EAB0 /* ViewControllerSerialConsole.h */,
				EAC2D9081AAFB86D0075EAB0 /* ViewControllerSerialConsole.m */,
				EAC2D90A1AAFB86D0075EAB0 /* ViewControllerUsers.h */,
				EAC2D90B1AAFB86D0075EAB0 /* ViewControllerUsers.m */,
				EAC2D90C1AAFB86D0075EAB0 /* ViewControllerWebView.h */,
				EAC2D90D1AAFB86D0075EAB0 /* ViewControllerWebView.m */,
			);
			path = Controllers;
			sourceTree = "<group>";
		};
		EAC2D91D1AAFB86D0075EAB0 /* Models */ = {
			isa = PBXGroup;
			children = (
				EAC2D91E1AAFB86D0075EAB0 /* ModelWelcome.h */,
				EAC2D91F1AAFB86D0075EAB0 /* ModelWelcome.m */,
			);
			path = Models;
			sourceTree = "<group>";
		};
		EAC2D9381AAFB86D0075EAB0 /* Views */ = {
			isa = PBXGroup;
			children = (
				EAC2D9161AAFB86D0075EAB0 /* iPhone.storyboard */,
				EAC2D9391AAFB86D0075EAB0 /* CenterViewController.xib */,
				EAC2D93C1AAFB86D0075EAB0 /* LeftPanelViewController.xib */,
			);
			path = Views;
			sourceTree = "<group>";
		};
		EAEFEE84157B296B00C666D5 = {
			isa = PBXGroup;
			children = (
				EAC2D8D71AAFB86D0075EAB0 /* Classes */,
				EA9D25DF1767A24E00B277ED /* Resources */,
				EAA33D731588612600826A02 /* KegCopApplicationTests */,
				EA34633F1A0AB3AC00588DC5 /* KegCopTests */,
				EAEFEE92157B296B00C666D5 /* Frameworks */,
				EAEFEE90157B296B00C666D5 /* Products */,
				2C6BCE9853FEDCFB2F2C44BD /* Pods */,
			);
			sourceTree = "<group>";
		};
		EAEFEE90157B296B00C666D5 /* Products */ = {
			isa = PBXGroup;
			children = (
				EAEFEE8F157B296B00C666D5 /* KegCop.app */,
				EA34633E1A0AB3AC00588DC5 /* KegCopTests.xctest */,
			);
			name = Products;
			sourceTree = "<group>";
		};
		EAEFEE92157B296B00C666D5 /* Frameworks */ = {
			isa = PBXGroup;
			children = (
				EA022CDC1A0ABAE900CE6B3C /* MapKit.framework */,
				EA9FF1301A00B19D00B7897A /* CoreVideo.framework */,
				EA9FF12E1A00B19200B7897A /* CoreMedia.framework */,
				EA9FF12C1A00B15800B7897A /* AVFoundation.framework */,
				EADB6DA9187A922800A0A8D2 /* CoreBluetooth.framework */,
				EAB120761756E709003035C3 /* QuartzCore.framework */,
				EAA51B131598385B00D0D777 /* AudioToolbox.framework */,
				EAA33D831588AA9100826A02 /* SenTestingKit.framework */,
				EABE1D751581CB1E00FF9FA0 /* Security.framework */,
				EA1E87B1157C999A002C945B /* CoreData.framework */,
				EAEFEE93157B296B00C666D5 /* UIKit.framework */,
				EAEFEE95157B296B00C666D5 /* Foundation.framework */,
				EAEFEE97157B296B00C666D5 /* CoreGraphics.framework */,
				4CC4EEE47EAB4A04A9448C12 /* libPods.a */,
				D80D09334B60A38D84A28F02 /* libPods-KegCopTests.a */,
			);
			name = Frameworks;
			sourceTree = "<group>";
		};
/* End PBXGroup section */

/* Begin PBXNativeTarget section */
		EA34633D1A0AB3AC00588DC5 /* KegCopTests */ = {
			isa = PBXNativeTarget;
			buildConfigurationList = EA3463481A0AB3AD00588DC5 /* Build configuration list for PBXNativeTarget "KegCopTests" */;
			buildPhases = (
				52BA2C2224E3B3A4E641C7BE /* Check Pods Manifest.lock */,
				EA34633A1A0AB3AC00588DC5 /* Sources */,
				EA34633B1A0AB3AC00588DC5 /* Frameworks */,
				EA34633C1A0AB3AC00588DC5 /* Resources */,
				1C1FB978076E9EF0D4709FC1 /* Copy Pods Resources */,
			);
			buildRules = (
			);
			dependencies = (
				EA3463451A0AB3AC00588DC5 /* PBXTargetDependency */,
			);
			name = KegCopTests;
			productName = KegCopTests;
			productReference = EA34633E1A0AB3AC00588DC5 /* KegCopTests.xctest */;
			productType = "com.apple.product-type.bundle.unit-test";
		};
		EAEFEE8E157B296B00C666D5 /* KegCop */ = {
			isa = PBXNativeTarget;
			buildConfigurationList = EAEFEEAD157B296B00C666D5 /* Build configuration list for PBXNativeTarget "KegCop" */;
			buildPhases = (
				40B5D04DABA44828BD0F8032 /* Check Pods Manifest.lock */,
				EAEFEE8C157B296B00C666D5 /* Frameworks */,
				06F2684553644706A2B3A865 /* Copy Pods Resources */,
				EAEC80031AB3A2D6004EFD58 /* Sources */,
				EAEC808D1AB3A918004EFD58 /* Resources */,
			);
			buildRules = (
			);
			dependencies = (
			);
			name = KegCop;
			productName = KegCop;
			productReference = EAEFEE8F157B296B00C666D5 /* KegCop.app */;
			productType = "com.apple.product-type.application";
		};
/* End PBXNativeTarget section */

/* Begin PBXProject section */
		EAEFEE86157B296B00C666D5 /* Project object */ = {
			isa = PBXProject;
			attributes = {
				LastUpgradeCheck = 0610;
				TargetAttributes = {
					EA34633D1A0AB3AC00588DC5 = {
						CreatedOnToolsVersion = 6.1;
						TestTargetID = EAEFEE8E157B296B00C666D5;
					};
				};
			};
			buildConfigurationList = EAEFEE89157B296B00C666D5 /* Build configuration list for PBXProject "KegCop" */;
			compatibilityVersion = "Xcode 3.2";
			developmentRegion = English;
			hasScannedForEncodings = 0;
			knownRegions = (
				en,
			);
			mainGroup = EAEFEE84157B296B00C666D5;
			productRefGroup = EAEFEE90157B296B00C666D5 /* Products */;
			projectDirPath = "";
			projectRoot = "";
			targets = (
				EAEFEE8E157B296B00C666D5 /* KegCop */,
				EA34633D1A0AB3AC00588DC5 /* KegCopTests */,
			);
		};
/* End PBXProject section */

/* Begin PBXResourcesBuildPhase section */
		EA34633C1A0AB3AC00588DC5 /* Resources */ = {
			isa = PBXResourcesBuildPhase;
			buildActionMask = 2147483647;
			files = (
			);
			runOnlyForDeploymentPostprocessing = 0;
		};
		EAEC808D1AB3A918004EFD58 /* Resources */ = {
			isa = PBXResourcesBuildPhase;
			buildActionMask = 2147483647;
			files = (
				EA3AE8271AB620090083D0F0 /* TODO in Resources */,
				EAEC809D1AB3AA54004EFD58 /* Glass.aiff in Resources */,
				EAEC80971AB3AA34004EFD58 /* flow_at_symbol.png in Resources */,
				EAEC80981AB3AA34004EFD58 /* flow_background.png in Resources */,
				EAEC80991AB3AA34004EFD58 /* flow_fill.png in Resources */,
				EAEC809A1AB3AA34004EFD58 /* flow_foreground.png in Resources */,
				EAEC809B1AB3AA34004EFD58 /* flow_needle.png in Resources */,
				EAEC809C1AB3AA34004EFD58 /* flow_shadow.png in Resources */,
				EAEC80911AB3AA1C004EFD58 /* Default-568@2x.png in Resources */,
				EA3AE82A1AB63E610083D0F0 /* HomeBrewPoster1.jpg in Resources */,
				EAEC80921AB3AA1C004EFD58 /* hamburger-menu-42x.png in Resources */,
				EAEC80931AB3AA1C004EFD58 /* icon_V2_60x60.png in Resources */,
				EA986A021AB9FDEF00025B0D /* Default-568h@2x.png in Resources */,
				EAEC80941AB3AA1C004EFD58 /* icon_V2_120x120.png in Resources */,
				EAEC80951AB3AA1C004EFD58 /* Default.png in Resources */,
				EAEC80961AB3AA1C004EFD58 /* Icon.png in Resources */,
				EAEC808E1AB3A928004EFD58 /* iPhone.storyboard in Resources */,
				EAEC808F1AB3A928004EFD58 /* CenterViewController.xib in Resources */,
				EAEC80901AB3A928004EFD58 /* LeftPanelViewController.xib in Resources */,
			);
			runOnlyForDeploymentPostprocessing = 0;
		};
/* End PBXResourcesBuildPhase section */

/* Begin PBXShellScriptBuildPhase section */
		06F2684553644706A2B3A865 /* Copy Pods Resources */ = {
			isa = PBXShellScriptBuildPhase;
			buildActionMask = 2147483647;
			files = (
			);
			inputPaths = (
			);
			name = "Copy Pods Resources";
			outputPaths = (
			);
			runOnlyForDeploymentPostprocessing = 0;
			shellPath = /bin/sh;
			shellScript = "\"${SRCROOT}/Pods/Target Support Files/Pods/Pods-resources.sh\"\n";
			showEnvVarsInLog = 0;
		};
		1C1FB978076E9EF0D4709FC1 /* Copy Pods Resources */ = {
			isa = PBXShellScriptBuildPhase;
			buildActionMask = 2147483647;
			files = (
			);
			inputPaths = (
			);
			name = "Copy Pods Resources";
			outputPaths = (
			);
			runOnlyForDeploymentPostprocessing = 0;
			shellPath = /bin/sh;
			shellScript = "\"${SRCROOT}/Pods/Target Support Files/Pods-KegCopTests/Pods-KegCopTests-resources.sh\"\n";
			showEnvVarsInLog = 0;
		};
		40B5D04DABA44828BD0F8032 /* Check Pods Manifest.lock */ = {
			isa = PBXShellScriptBuildPhase;
			buildActionMask = 2147483647;
			files = (
			);
			inputPaths = (
			);
			name = "Check Pods Manifest.lock";
			outputPaths = (
			);
			runOnlyForDeploymentPostprocessing = 0;
			shellPath = /bin/sh;
			shellScript = "diff \"${PODS_ROOT}/../Podfile.lock\" \"${PODS_ROOT}/Manifest.lock\" > /dev/null\nif [[ $? != 0 ]] ; then\n    cat << EOM\nerror: The sandbox is not in sync with the Podfile.lock. Run 'pod install' or update your CocoaPods installation.\nEOM\n    exit 1\nfi\n";
			showEnvVarsInLog = 0;
		};
		52BA2C2224E3B3A4E641C7BE /* Check Pods Manifest.lock */ = {
			isa = PBXShellScriptBuildPhase;
			buildActionMask = 2147483647;
			files = (
			);
			inputPaths = (
			);
			name = "Check Pods Manifest.lock";
			outputPaths = (
			);
			runOnlyForDeploymentPostprocessing = 0;
			shellPath = /bin/sh;
			shellScript = "diff \"${PODS_ROOT}/../Podfile.lock\" \"${PODS_ROOT}/Manifest.lock\" > /dev/null\nif [[ $? != 0 ]] ; then\n    cat << EOM\nerror: The sandbox is not in sync with the Podfile.lock. Run 'pod install' or update your CocoaPods installation.\nEOM\n    exit 1\nfi\n";
			showEnvVarsInLog = 0;
		};
/* End PBXShellScriptBuildPhase section */

/* Begin PBXSourcesBuildPhase section */
		EA34633A1A0AB3AC00588DC5 /* Sources */ = {
			isa = PBXSourcesBuildPhase;
			buildActionMask = 2147483647;
			files = (
				EA3463431A0AB3AC00588DC5 /* KegCopTests.m in Sources */,
			);
			runOnlyForDeploymentPostprocessing = 0;
		};
		EAEC80031AB3A2D6004EFD58 /* Sources */ = {
			isa = PBXSourcesBuildPhase;
			buildActionMask = 2147483647;
			files = (
				EA3AE8251AB5007B0083D0F0 /* AccountsDataModel.m in Sources */,
				EAEC809F1AB3AA89004EFD58 /* Account.m in Sources */,
				EAEC80A11AB3AA89004EFD58 /* AccountBase.m in Sources */,
				EAEC80A21AB3AA89004EFD58 /* Accounts.xcdatamodeld in Sources */,
				EAEC808A1AB3A6A7004EFD58 /* Serial.c in Sources */,
				EAEC808C1AB3A6A7004EFD58 /* crc16ccitt.c in Sources */,
				EAEC80841AB3A65B004EFD58 /* KBKegboard.m in Sources */,
				EAEC80861AB3A65B004EFD58 /* KBKegboardMessage.m in Sources */,
				EAEC80881AB3A65B004EFD58 /* KBKegboardUtils.m in Sources */,
				EAEC80801AB3A610004EFD58 /* KBKegProcessing.m in Sources */,
				EAEC80821AB3A610004EFD58 /* KBKegboardCommand.m in Sources */,
				EAEC807E1AB3A5C8004EFD58 /* JailbrokenSerial.m in Sources */,
				EAEC807B1AB3A586004EFD58 /* NSData+AES256.m in Sources */,
				EAEC807C1AB3A586004EFD58 /* KegCop-Bridging-Header.h in Sources */,
				EAEC80711AB3A55A004EFD58 /* SERVICES.h in Sources */,
				EAEC80731AB3A55A004EFD58 /* DFBlunoDevice.m in Sources */,
				EAEC80751AB3A55A004EFD58 /* DFBlunoManager.m in Sources */,
				EAEC80771AB3A55A004EFD58 /* BLEDevice.m in Sources */,
				EAEC80791AB3A55A004EFD58 /* BLEUtility.m in Sources */,
				EAEC80411AB3A52D004EFD58 /* ViewControllerDev2.m in Sources */,
				EAEC80431AB3A52D004EFD58 /* ViewControllerDev3.m in Sources */,
				EAEC80451AB3A52D004EFD58 /* ViewControllerDev4.m in Sources */,
				EAEC80471AB3A52D004EFD58 /* KBFlowIndicator.m in Sources */,
				EAEC80A51AB4B052004EFD58 /* KCModalPickerView.m in Sources */,
				EAEC80491AB3A52D004EFD58 /* HUMAddEventViewController.m in Sources */,
				EAEC804B1AB3A52D004EFD58 /* HUMConfirmationViewController.m in Sources */,
				EAEC804D1AB3A52D004EFD58 /* HUMMapViewController.m in Sources */,
				EAEC80501AB3A52D004EFD58 /* ViewControllerAbout.m in Sources */,
				EAEC80521AB3A52D004EFD58 /* ViewControllerAvatar2.m in Sources */,
				EAEC80541AB3A52D004EFD58 /* ViewControllerAvatar3.m in Sources */,
				EAEC80561AB3A52D004EFD58 /* ViewControllerCheckFlow.m in Sources */,
				EAEC80581AB3A52D004EFD58 /* ViewControllerCreate.m in Sources */,
				EAEC805A1AB3A52D004EFD58 /* ViewControllerDev.m in Sources */,
				EAEC805C1AB3A52D004EFD58 /* ViewControllerForgot.m in Sources */,
				EAEC805E1AB3A52D004EFD58 /* ViewControllerHome.m in Sources */,
				EAEC80601AB3A52D004EFD58 /* ViewControllerLogs.m in Sources */,
				EAEC80621AB3A52D004EFD58 /* ViewControllerPour.m in Sources */,
				EAEC80641AB3A52D004EFD58 /* ViewControllerPurchase.m in Sources */,
				EAEC80661AB3A52D004EFD58 /* ViewControllerRootHome.m in Sources */,
				EAEC80681AB3A52D004EFD58 /* ViewControllerRootHomeCenter.m in Sources */,
				EAEC806A1AB3A52D004EFD58 /* ViewControllerRootHomeLeftPanel.m in Sources */,
				EAEC806C1AB3A52D004EFD58 /* ViewControllerSerialConsole.m in Sources */,
				EAEC806E1AB3A52D004EFD58 /* ViewControllerUsers.m in Sources */,
				EAEC80701AB3A52D004EFD58 /* ViewControllerWebView.m in Sources */,
				EAEC80391AB3A41B004EFD58 /* main.m in Sources */,
				EAEC803B1AB3A442004EFD58 /* AppDelegate.m in Sources */,
				EAEC803D1AB3A49A004EFD58 /* ViewControllerWelcome.m in Sources */,
				EAEC803F1AB3A4C7004EFD58 /* ModelWelcome.m in Sources */,
			);
			runOnlyForDeploymentPostprocessing = 0;
		};
/* End PBXSourcesBuildPhase section */

/* Begin PBXTargetDependency section */
		EA3463451A0AB3AC00588DC5 /* PBXTargetDependency */ = {
			isa = PBXTargetDependency;
			target = EAEFEE8E157B296B00C666D5 /* KegCop */;
			targetProxy = EA3463441A0AB3AC00588DC5 /* PBXContainerItemProxy */;
		};
/* End PBXTargetDependency section */

/* Begin PBXVariantGroup section */
		EAA33D761588612600826A02 /* InfoPlist.strings */ = {
			isa = PBXVariantGroup;
			children = (
				EAA33D771588612600826A02 /* en */,
			);
			name = InfoPlist.strings;
			sourceTree = "<group>";
		};
		EAC2D9161AAFB86D0075EAB0 /* iPhone.storyboard */ = {
			isa = PBXVariantGroup;
			children = (
				EAC2D9171AAFB86D0075EAB0 /* en */,
			);
			name = iPhone.storyboard;
			path = ..;
			sourceTree = "<group>";
		};
		EAEFEE9C157B296B00C666D5 /* InfoPlist.strings */ = {
			isa = PBXVariantGroup;
			children = (
				EAEFEE9D157B296B00C666D5 /* en */,
			);
			name = InfoPlist.strings;
			path = ../Classes;
			sourceTree = "<group>";
		};
/* End PBXVariantGroup section */

/* Begin XCBuildConfiguration section */
		EA3463461A0AB3AD00588DC5 /* Debug */ = {
			isa = XCBuildConfiguration;
			baseConfigurationReference = FEAF2D287464FFFCA939CFE1 /* Pods-KegCopTests.debug.xcconfig */;
			buildSettings = {
				BUNDLE_LOADER = "$(TEST_HOST)";
				CLANG_CXX_LANGUAGE_STANDARD = "gnu++0x";
				CLANG_CXX_LIBRARY = "libc++";
				CLANG_ENABLE_MODULES = YES;
				CLANG_WARN_BOOL_CONVERSION = YES;
				CLANG_WARN_DIRECT_OBJC_ISA_USAGE = YES_ERROR;
				CLANG_WARN_EMPTY_BODY = YES;
				CLANG_WARN_OBJC_ROOT_CLASS = YES_ERROR;
				CLANG_WARN_UNREACHABLE_CODE = YES;
				ENABLE_STRICT_OBJC_MSGSEND = YES;
				FRAMEWORK_SEARCH_PATHS = (
					"$(SDKROOT)/Developer/Library/Frameworks",
					"$(inherited)",
				);
				GCC_PREPROCESSOR_DEFINITIONS = (
					"DEBUG=1",
					"$(inherited)",
				);
				GCC_WARN_64_TO_32_BIT_CONVERSION = YES;
				GCC_WARN_ABOUT_RETURN_TYPE = YES_ERROR;
				GCC_WARN_UNDECLARED_SELECTOR = YES;
				GCC_WARN_UNINITIALIZED_AUTOS = YES_AGGRESSIVE;
				GCC_WARN_UNUSED_FUNCTION = YES;
				INFOPLIST_FILE = KegCopTests/Info.plist;
				IPHONEOS_DEPLOYMENT_TARGET = 8.1;
				LD_RUNPATH_SEARCH_PATHS = "$(inherited) @executable_path/Frameworks @loader_path/Frameworks";
				MTL_ENABLE_DEBUG_INFO = YES;
				ONLY_ACTIVE_ARCH = YES;
				PRODUCT_NAME = "$(TARGET_NAME)";
				TEST_HOST = "$(BUILT_PRODUCTS_DIR)/KegCop.app/KegCop";
			};
			name = Debug;
		};
		EA3463471A0AB3AD00588DC5 /* Release */ = {
			isa = XCBuildConfiguration;
			baseConfigurationReference = F85637C58D0B30CD1F406793 /* Pods-KegCopTests.release.xcconfig */;
			buildSettings = {
				BUNDLE_LOADER = "$(TEST_HOST)";
				CLANG_CXX_LANGUAGE_STANDARD = "gnu++0x";
				CLANG_CXX_LIBRARY = "libc++";
				CLANG_ENABLE_MODULES = YES;
				CLANG_WARN_BOOL_CONVERSION = YES;
				CLANG_WARN_DIRECT_OBJC_ISA_USAGE = YES_ERROR;
				CLANG_WARN_EMPTY_BODY = YES;
				CLANG_WARN_OBJC_ROOT_CLASS = YES_ERROR;
				CLANG_WARN_UNREACHABLE_CODE = YES;
				ENABLE_NS_ASSERTIONS = NO;
				ENABLE_STRICT_OBJC_MSGSEND = YES;
				FRAMEWORK_SEARCH_PATHS = (
					"$(SDKROOT)/Developer/Library/Frameworks",
					"$(inherited)",
				);
				GCC_WARN_64_TO_32_BIT_CONVERSION = YES;
				GCC_WARN_ABOUT_RETURN_TYPE = YES_ERROR;
				GCC_WARN_UNDECLARED_SELECTOR = YES;
				GCC_WARN_UNINITIALIZED_AUTOS = YES_AGGRESSIVE;
				GCC_WARN_UNUSED_FUNCTION = YES;
				INFOPLIST_FILE = KegCopTests/Info.plist;
				IPHONEOS_DEPLOYMENT_TARGET = 8.1;
				LD_RUNPATH_SEARCH_PATHS = "$(inherited) @executable_path/Frameworks @loader_path/Frameworks";
				MTL_ENABLE_DEBUG_INFO = NO;
				PRODUCT_NAME = "$(TARGET_NAME)";
				TEST_HOST = "$(BUILT_PRODUCTS_DIR)/KegCop.app/KegCop";
			};
			name = Release;
		};
		EAEFEEAB157B296B00C666D5 /* Debug */ = {
			isa = XCBuildConfiguration;
			buildSettings = {
				ALWAYS_SEARCH_USER_PATHS = NO;
				CLANG_ENABLE_OBJC_ARC = YES;
				CLANG_WARN_BOOL_CONVERSION = YES;
				CLANG_WARN_CONSTANT_CONVERSION = YES;
				CLANG_WARN_EMPTY_BODY = YES;
				CLANG_WARN_ENUM_CONVERSION = YES;
				CLANG_WARN_INT_CONVERSION = YES;
				CLANG_WARN_UNREACHABLE_CODE = YES;
				CLANG_WARN__DUPLICATE_METHOD_MATCH = YES;
				CODE_SIGN_IDENTITY = "";
				"CODE_SIGN_IDENTITY[sdk=iphoneos*]" = "";
				CODE_SIGN_RESOURCE_RULES_PATH = "";
				COPY_PHASE_STRIP = NO;
				ENABLE_STRICT_OBJC_MSGSEND = YES;
				GCC_C_LANGUAGE_STANDARD = gnu99;
				GCC_DYNAMIC_NO_PIC = NO;
				GCC_OPTIMIZATION_LEVEL = 0;
				GCC_PREPROCESSOR_DEFINITIONS = (
					"DEBUG=1",
					"$(inherited)",
				);
				GCC_SYMBOLS_PRIVATE_EXTERN = NO;
				GCC_VERSION = com.apple.compilers.llvm.clang.1_0;
				GCC_WARN_64_TO_32_BIT_CONVERSION = YES;
				GCC_WARN_ABOUT_RETURN_TYPE = YES;
				GCC_WARN_UNDECLARED_SELECTOR = YES;
				GCC_WARN_UNINITIALIZED_AUTOS = YES;
				GCC_WARN_UNUSED_FUNCTION = YES;
				GCC_WARN_UNUSED_VARIABLE = YES;
				IPHONEOS_DEPLOYMENT_TARGET = 7.0;
				ONLY_ACTIVE_ARCH = YES;
				SDKROOT = iphoneos8.1;
				VALIDATE_PRODUCT = YES;
			};
			name = Debug;
		};
		EAEFEEAC157B296B00C666D5 /* Release */ = {
			isa = XCBuildConfiguration;
			buildSettings = {
				ALWAYS_SEARCH_USER_PATHS = NO;
				CLANG_ENABLE_OBJC_ARC = YES;
				CLANG_WARN_BOOL_CONVERSION = YES;
				CLANG_WARN_CONSTANT_CONVERSION = YES;
				CLANG_WARN_EMPTY_BODY = YES;
				CLANG_WARN_ENUM_CONVERSION = YES;
				CLANG_WARN_INT_CONVERSION = YES;
				CLANG_WARN_UNREACHABLE_CODE = YES;
				CLANG_WARN__DUPLICATE_METHOD_MATCH = YES;
				CODE_SIGN_IDENTITY = "";
				"CODE_SIGN_IDENTITY[sdk=iphoneos*]" = "";
				CODE_SIGN_RESOURCE_RULES_PATH = "";
				COPY_PHASE_STRIP = YES;
				ENABLE_STRICT_OBJC_MSGSEND = YES;
				GCC_C_LANGUAGE_STANDARD = gnu99;
				GCC_VERSION = com.apple.compilers.llvm.clang.1_0;
				GCC_WARN_64_TO_32_BIT_CONVERSION = YES;
				GCC_WARN_ABOUT_RETURN_TYPE = YES;
				GCC_WARN_UNDECLARED_SELECTOR = YES;
				GCC_WARN_UNINITIALIZED_AUTOS = YES;
				GCC_WARN_UNUSED_FUNCTION = YES;
				GCC_WARN_UNUSED_VARIABLE = YES;
				IPHONEOS_DEPLOYMENT_TARGET = 7.0;
				OTHER_CFLAGS = "-DNS_BLOCK_ASSERTIONS=1";
				SDKROOT = iphoneos;
				VALIDATE_PRODUCT = YES;
			};
			name = Release;
		};
		EAEFEEAE157B296B00C666D5 /* Debug */ = {
			isa = XCBuildConfiguration;
			baseConfigurationReference = C1317D6D5FB97FE0337AA7E1 /* Pods.debug.xcconfig */;
			buildSettings = {
				ALTERNATE_OWNER = "iPhone Developer";
				CLANG_ENABLE_MODULES = YES;
				CODE_SIGN_ENTITLEMENTS = "";
				CODE_SIGN_IDENTITY = "iPhone Developer";
				"CODE_SIGN_IDENTITY[sdk=iphoneos*]" = "";
				CURRENT_PROJECT_VERSION = 107;
				FRAMEWORK_SEARCH_PATHS = (
					"$(inherited)",
					"\"$(SDKROOT)$(SYSTEM_LIBRARY_DIR)/PrivateFrameworks\"",
				);
				GCC_PRECOMPILE_PREFIX_HEADER = YES;
				GCC_PREFIX_HEADER = "Resources/KegCop-Prefix.pch";
				"GCC_PREPROCESSOR_DEFINITIONS[arch=*]" = (
					"DEBUG=1",
					"COCOAPODS=1",
				);
				GCC_SYMBOLS_PRIVATE_EXTERN = NO;
				GCC_VERSION = "";
				INFOPLIST_FILE = Resources/Info.plist;
				IPHONEOS_DEPLOYMENT_TARGET = 7.0;
				LD_RUNPATH_SEARCH_PATHS = "$(inherited) @executable_path/Frameworks";
				New_Setting = "";
				ONLY_ACTIVE_ARCH = YES;
				PRODUCT_NAME = "$(TARGET_NAME)";
				PROVISIONING_PROFILE = "";
				"PROVISIONING_PROFILE[sdk=iphoneos*]" = "";
				SWIFT_OBJC_BRIDGING_HEADER = "Classes/KegCop-Bridging-Header.h";
				SWIFT_OPTIMIZATION_LEVEL = "-Onone";
				TARGETED_DEVICE_FAMILY = 1;
				USER_HEADER_SEARCH_PATHS = "$(inherited) <Multiple values>";
				"USER_HEADER_SEARCH_PATHS[arch=*]" = "";
				VALID_ARCHS = "armv7 armv6";
				VERSIONING_SYSTEM = "apple-generic";
				WRAPPER_EXTENSION = app;
			};
			name = Debug;
		};
		EAEFEEAF157B296B00C666D5 /* Release */ = {
			isa = XCBuildConfiguration;
			baseConfigurationReference = 16C5175EAEC3CBA524390977 /* Pods.release.xcconfig */;
			buildSettings = {
				ALTERNATE_OWNER = "iPhone Developer";
				CLANG_ENABLE_MODULES = YES;
				CODE_SIGN_ENTITLEMENTS = "";
				CODE_SIGN_IDENTITY = "iPhone Developer";
				"CODE_SIGN_IDENTITY[sdk=iphoneos*]" = "";
				CURRENT_PROJECT_VERSION = 107;
				FRAMEWORK_SEARCH_PATHS = (
					"$(inherited)",
					"\"$(SDKROOT)$(SYSTEM_LIBRARY_DIR)/PrivateFrameworks\"",
				);
				GCC_PRECOMPILE_PREFIX_HEADER = YES;
				GCC_PREFIX_HEADER = "Resources/KegCop-Prefix.pch";
				GCC_PREPROCESSOR_DEFINITIONS = "$(inherited)";
				GCC_SYMBOLS_PRIVATE_EXTERN = NO;
				GCC_VERSION = "";
				INFOPLIST_FILE = Resources/Info.plist;
				IPHONEOS_DEPLOYMENT_TARGET = 7.0;
				LD_RUNPATH_SEARCH_PATHS = "$(inherited) @executable_path/Frameworks";
				New_Setting = "";
				ONLY_ACTIVE_ARCH = YES;
				PRODUCT_NAME = "$(TARGET_NAME)";
				PROVISIONING_PROFILE = "";
				"PROVISIONING_PROFILE[sdk=iphoneos*]" = "";
				SWIFT_OBJC_BRIDGING_HEADER = "Classes/KegCop-Bridging-Header.h";
				TARGETED_DEVICE_FAMILY = 1;
				USER_HEADER_SEARCH_PATHS = "$(inherited) <Multiple values>";
				"USER_HEADER_SEARCH_PATHS[arch=*]" = "$(inherited)";
				VALID_ARCHS = "armv7 armv6";
				VERSIONING_SYSTEM = "apple-generic";
				WRAPPER_EXTENSION = app;
			};
			name = Release;
		};
/* End XCBuildConfiguration section */

/* Begin XCConfigurationList section */
		EA3463481A0AB3AD00588DC5 /* Build configuration list for PBXNativeTarget "KegCopTests" */ = {
			isa = XCConfigurationList;
			buildConfigurations = (
				EA3463461A0AB3AD00588DC5 /* Debug */,
				EA3463471A0AB3AD00588DC5 /* Release */,
			);
			defaultConfigurationIsVisible = 0;
			defaultConfigurationName = Release;
		};
		EAEFEE89157B296B00C666D5 /* Build configuration list for PBXProject "KegCop" */ = {
			isa = XCConfigurationList;
			buildConfigurations = (
				EAEFEEAB157B296B00C666D5 /* Debug */,
				EAEFEEAC157B296B00C666D5 /* Release */,
			);
			defaultConfigurationIsVisible = 0;
			defaultConfigurationName = Release;
		};
		EAEFEEAD157B296B00C666D5 /* Build configuration list for PBXNativeTarget "KegCop" */ = {
			isa = XCConfigurationList;
			buildConfigurations = (
				EAEFEEAE157B296B00C666D5 /* Debug */,
				EAEFEEAF157B296B00C666D5 /* Release */,
			);
			defaultConfigurationIsVisible = 0;
			defaultConfigurationName = Release;
		};
/* End XCConfigurationList section */

/* Begin XCVersionGroup section */
		EACD704B177A4EE800A13B91 /* Accounts.xcdatamodeld */ = {
			isa = XCVersionGroup;
			children = (
				EACD704C177A4EE800A13B91 /* Accounts.xcdatamodel */,
			);
			currentVersion = EACD704C177A4EE800A13B91 /* Accounts.xcdatamodel */;
			name = Accounts.xcdatamodeld;
			path = Resources/Accounts.xcdatamodeld;
			sourceTree = "<group>";
			versionGroupType = wrapper.xcdatamodel;
		};
/* End XCVersionGroup section */
	};
	rootObject = EAEFEE86157B296B00C666D5 /* Project object */;
}
